// !$*UTF8*$!
{
	archiveVersion = 1;
	classes = {
	};
	objectVersion = 46;
	objects = {

/* Begin PBXBuildFile section */
		15FEE4C6D9ED170756155B2B /* libPods-Monreau watchOS.a in Frameworks */ = {isa = PBXBuildFile; fileRef = 9FB3FFDC930B445345966E15 /* libPods-Monreau watchOS.a */; };
		22E9677C3D5A73C2EE78A165 /* libPods-Monreau macOS.a in Frameworks */ = {isa = PBXBuildFile; fileRef = B38CFAE7983309E41EE9B24C /* libPods-Monreau macOS.a */; };
		3308FF662343AEBE002786A2 /* MonreauCoreTests.swift in Sources */ = {isa = PBXBuildFile; fileRef = 3331E6DF1F0D0E12007BE883 /* MonreauCoreTests.swift */; };
		3308FF672343AEBE002786A2 /* MonreauCoreTests.swift in Sources */ = {isa = PBXBuildFile; fileRef = 3331E6DF1F0D0E12007BE883 /* MonreauCoreTests.swift */; };
		3308FF682343AEBF002786A2 /* MonreauCoreTests.swift in Sources */ = {isa = PBXBuildFile; fileRef = 3331E6DF1F0D0E12007BE883 /* MonreauCoreTests.swift */; };
		331D04291FB84FAD004EF879 /* RealmStorage.swift in Sources */ = {isa = PBXBuildFile; fileRef = 331D04281FB84FAD004EF879 /* RealmStorage.swift */; };
		331D042A1FB85015004EF879 /* RealmStorage.swift in Sources */ = {isa = PBXBuildFile; fileRef = 331D04281FB84FAD004EF879 /* RealmStorage.swift */; };
		331D042B1FB85016004EF879 /* RealmStorage.swift in Sources */ = {isa = PBXBuildFile; fileRef = 331D04281FB84FAD004EF879 /* RealmStorage.swift */; };
		331D042C1FB85016004EF879 /* RealmStorage.swift in Sources */ = {isa = PBXBuildFile; fileRef = 331D04281FB84FAD004EF879 /* RealmStorage.swift */; };
		331D042E1FB86ECD004EF879 /* Cascadable.swift in Sources */ = {isa = PBXBuildFile; fileRef = 331D042D1FB86ECD004EF879 /* Cascadable.swift */; };
		331D04331FB8AD6A004EF879 /* Cascadable.swift in Sources */ = {isa = PBXBuildFile; fileRef = 331D042D1FB86ECD004EF879 /* Cascadable.swift */; };
		331D04341FB8AD6A004EF879 /* Cascadable.swift in Sources */ = {isa = PBXBuildFile; fileRef = 331D042D1FB86ECD004EF879 /* Cascadable.swift */; };
		331D04351FB8AD6A004EF879 /* Cascadable.swift in Sources */ = {isa = PBXBuildFile; fileRef = 331D042D1FB86ECD004EF879 /* Cascadable.swift */; };
		331D04371FB8AE16004EF879 /* Object.swift in Sources */ = {isa = PBXBuildFile; fileRef = 331D04361FB8AE16004EF879 /* Object.swift */; };
		331D04381FB8AE16004EF879 /* Object.swift in Sources */ = {isa = PBXBuildFile; fileRef = 331D04361FB8AE16004EF879 /* Object.swift */; };
		331D04391FB8AE16004EF879 /* Object.swift in Sources */ = {isa = PBXBuildFile; fileRef = 331D04361FB8AE16004EF879 /* Object.swift */; };
		331D043A1FB8AE16004EF879 /* Object.swift in Sources */ = {isa = PBXBuildFile; fileRef = 331D04361FB8AE16004EF879 /* Object.swift */; };
		331D043B1FB8AEFB004EF879 /* UserRealmObject.swift in Sources */ = {isa = PBXBuildFile; fileRef = 331D042F1FB8AC0B004EF879 /* UserRealmObject.swift */; };
		331D043C1FB8AEFC004EF879 /* UserRealmObject.swift in Sources */ = {isa = PBXBuildFile; fileRef = 331D042F1FB8AC0B004EF879 /* UserRealmObject.swift */; };
		331D043D1FB8AEFC004EF879 /* UserRealmObject.swift in Sources */ = {isa = PBXBuildFile; fileRef = 331D042F1FB8AC0B004EF879 /* UserRealmObject.swift */; };
		331D043E1FB8AEFD004EF879 /* UserRealmObject.swift in Sources */ = {isa = PBXBuildFile; fileRef = 331D042F1FB8AC0B004EF879 /* UserRealmObject.swift */; };
		33318CFA1F1BDEDA00F27BC7 /* CoreStorage.swift in Sources */ = {isa = PBXBuildFile; fileRef = 3358B6A21F1AAC9200CBD8CF /* CoreStorage.swift */; };
		33318CFB1F1BDEDA00F27BC7 /* CoreStorage.swift in Sources */ = {isa = PBXBuildFile; fileRef = 3358B6A21F1AAC9200CBD8CF /* CoreStorage.swift */; };
		33318CFC1F1BDEDB00F27BC7 /* CoreStorage.swift in Sources */ = {isa = PBXBuildFile; fileRef = 3358B6A21F1AAC9200CBD8CF /* CoreStorage.swift */; };
		3331E6961F0CFCBA007BE883 /* SortDescriptor.swift in Sources */ = {isa = PBXBuildFile; fileRef = 3358A8AF1F0C06BD00D4BD9C /* SortDescriptor.swift */; };
		3331E6981F0CFCBA007BE883 /* String.swift in Sources */ = {isa = PBXBuildFile; fileRef = 3358A8B31F0C06BD00D4BD9C /* String.swift */; };
		3331E6991F0CFCBA007BE883 /* Predicate.swift in Sources */ = {isa = PBXBuildFile; fileRef = 3358A8B51F0C06BD00D4BD9C /* Predicate.swift */; };
		3331E69A1F0CFCBA007BE883 /* NSManagedObject.swift in Sources */ = {isa = PBXBuildFile; fileRef = 3358A8B81F0C06BD00D4BD9C /* NSManagedObject.swift */; };
		3331E69B1F0CFCBA007BE883 /* Storable.swift in Sources */ = {isa = PBXBuildFile; fileRef = 3358A8BA1F0C06BD00D4BD9C /* Storable.swift */; };
		3331E69C1F0CFCBA007BE883 /* Storage.swift in Sources */ = {isa = PBXBuildFile; fileRef = 3358A8BC1F0C06BD00D4BD9C /* Storage.swift */; };
		3331E69F1F0CFCBB007BE883 /* SortDescriptor.swift in Sources */ = {isa = PBXBuildFile; fileRef = 3358A8AF1F0C06BD00D4BD9C /* SortDescriptor.swift */; };
		3331E6A11F0CFCBB007BE883 /* String.swift in Sources */ = {isa = PBXBuildFile; fileRef = 3358A8B31F0C06BD00D4BD9C /* String.swift */; };
		3331E6A21F0CFCBB007BE883 /* Predicate.swift in Sources */ = {isa = PBXBuildFile; fileRef = 3358A8B51F0C06BD00D4BD9C /* Predicate.swift */; };
		3331E6A31F0CFCBB007BE883 /* NSManagedObject.swift in Sources */ = {isa = PBXBuildFile; fileRef = 3358A8B81F0C06BD00D4BD9C /* NSManagedObject.swift */; };
		3331E6A41F0CFCBB007BE883 /* Storable.swift in Sources */ = {isa = PBXBuildFile; fileRef = 3358A8BA1F0C06BD00D4BD9C /* Storable.swift */; };
		3331E6A51F0CFCBB007BE883 /* Storage.swift in Sources */ = {isa = PBXBuildFile; fileRef = 3358A8BC1F0C06BD00D4BD9C /* Storage.swift */; };
		3331E6A81F0CFCBB007BE883 /* SortDescriptor.swift in Sources */ = {isa = PBXBuildFile; fileRef = 3358A8AF1F0C06BD00D4BD9C /* SortDescriptor.swift */; };
		3331E6AA1F0CFCBB007BE883 /* String.swift in Sources */ = {isa = PBXBuildFile; fileRef = 3358A8B31F0C06BD00D4BD9C /* String.swift */; };
		3331E6AB1F0CFCBB007BE883 /* Predicate.swift in Sources */ = {isa = PBXBuildFile; fileRef = 3358A8B51F0C06BD00D4BD9C /* Predicate.swift */; };
		3331E6AC1F0CFCBB007BE883 /* NSManagedObject.swift in Sources */ = {isa = PBXBuildFile; fileRef = 3358A8B81F0C06BD00D4BD9C /* NSManagedObject.swift */; };
		3331E6AD1F0CFCBB007BE883 /* Storable.swift in Sources */ = {isa = PBXBuildFile; fileRef = 3358A8BA1F0C06BD00D4BD9C /* Storable.swift */; };
		3331E6AE1F0CFCBB007BE883 /* Storage.swift in Sources */ = {isa = PBXBuildFile; fileRef = 3358A8BC1F0C06BD00D4BD9C /* Storage.swift */; };
		3331E6B81F0D0D80007BE883 /* Monreau.framework in Frameworks */ = {isa = PBXBuildFile; fileRef = 3358A8961F0C03A800D4BD9C /* Monreau.framework */; };
		3331E6C71F0D0D8C007BE883 /* Monreau.framework in Frameworks */ = {isa = PBXBuildFile; fileRef = 3358A8891F0C039D00D4BD9C /* Monreau.framework */; };
		3331E6D61F0D0DA1007BE883 /* Monreau.framework in Frameworks */ = {isa = PBXBuildFile; fileRef = 3358A8621F0C037100D4BD9C /* Monreau.framework */; };
		3331E6F21F0D13ED007BE883 /* Monreau.xcdatamodeld in Sources */ = {isa = PBXBuildFile; fileRef = 3331E6E71F0D1015007BE883 /* Monreau.xcdatamodeld */; };
		3331E6F31F0D13ED007BE883 /* Monreau.xcdatamodeld in Sources */ = {isa = PBXBuildFile; fileRef = 3331E6E71F0D1015007BE883 /* Monreau.xcdatamodeld */; };
		3331E6F41F0D13EE007BE883 /* Monreau.xcdatamodeld in Sources */ = {isa = PBXBuildFile; fileRef = 3331E6E71F0D1015007BE883 /* Monreau.xcdatamodeld */; };
		3331E6F51F0D13EE007BE883 /* Monreau.xcdatamodeld in Sources */ = {isa = PBXBuildFile; fileRef = 3331E6E71F0D1015007BE883 /* Monreau.xcdatamodeld */; };
		3331E6F61F0D22C0007BE883 /* UserCoreDataObject.swift in Sources */ = {isa = PBXBuildFile; fileRef = 3331E6ED1F0D1165007BE883 /* UserCoreDataObject.swift */; };
		3331E6F71F0D22C0007BE883 /* UserCoreDataObject.swift in Sources */ = {isa = PBXBuildFile; fileRef = 3331E6ED1F0D1165007BE883 /* UserCoreDataObject.swift */; };
		3331E6F81F0D22C0007BE883 /* UserCoreDataObject.swift in Sources */ = {isa = PBXBuildFile; fileRef = 3331E6ED1F0D1165007BE883 /* UserCoreDataObject.swift */; };
		3331E6F91F0D22C1007BE883 /* UserCoreDataObject.swift in Sources */ = {isa = PBXBuildFile; fileRef = 3331E6ED1F0D1165007BE883 /* UserCoreDataObject.swift */; };
		3342EFDA23475F3800DAB099 /* MonreauRealmTests.swift in Sources */ = {isa = PBXBuildFile; fileRef = 331D043F1FB8B0CF004EF879 /* MonreauRealmTests.swift */; };
		3342EFDB23475F3800DAB099 /* MonreauRealmTests.swift in Sources */ = {isa = PBXBuildFile; fileRef = 331D043F1FB8B0CF004EF879 /* MonreauRealmTests.swift */; };
		3342EFDC23475F3900DAB099 /* MonreauRealmTests.swift in Sources */ = {isa = PBXBuildFile; fileRef = 331D043F1FB8B0CF004EF879 /* MonreauRealmTests.swift */; };
		3358A8A51F0C042400D4BD9C /* Monreau.h in Headers */ = {isa = PBXBuildFile; fileRef = 3358A8A21F0C042400D4BD9C /* Monreau.h */; settings = {ATTRIBUTES = (Public, ); }; };
		3358A8A61F0C042B00D4BD9C /* Monreau.h in Headers */ = {isa = PBXBuildFile; fileRef = 3358A8A21F0C042400D4BD9C /* Monreau.h */; settings = {ATTRIBUTES = (Public, ); }; };
		3358A8A71F0C042B00D4BD9C /* Monreau.h in Headers */ = {isa = PBXBuildFile; fileRef = 3358A8A21F0C042400D4BD9C /* Monreau.h */; settings = {ATTRIBUTES = (Public, ); }; };
		3358A8A81F0C042B00D4BD9C /* Monreau.h in Headers */ = {isa = PBXBuildFile; fileRef = 3358A8A21F0C042400D4BD9C /* Monreau.h */; settings = {ATTRIBUTES = (Public, ); }; };
		3358A8BF1F0C06BD00D4BD9C /* SortDescriptor.swift in Sources */ = {isa = PBXBuildFile; fileRef = 3358A8AF1F0C06BD00D4BD9C /* SortDescriptor.swift */; };
		3358A8C11F0C06BD00D4BD9C /* String.swift in Sources */ = {isa = PBXBuildFile; fileRef = 3358A8B31F0C06BD00D4BD9C /* String.swift */; };
		3358A8C21F0C06BD00D4BD9C /* Predicate.swift in Sources */ = {isa = PBXBuildFile; fileRef = 3358A8B51F0C06BD00D4BD9C /* Predicate.swift */; };
		3358A8C31F0C06BD00D4BD9C /* NSManagedObject.swift in Sources */ = {isa = PBXBuildFile; fileRef = 3358A8B81F0C06BD00D4BD9C /* NSManagedObject.swift */; };
		3358A8C41F0C06BD00D4BD9C /* Storable.swift in Sources */ = {isa = PBXBuildFile; fileRef = 3358A8BA1F0C06BD00D4BD9C /* Storable.swift */; };
		3358A8C51F0C06BD00D4BD9C /* Storage.swift in Sources */ = {isa = PBXBuildFile; fileRef = 3358A8BC1F0C06BD00D4BD9C /* Storage.swift */; };
		3358B69E1F1A759C00CBD8CF /* CoreDataConfigurator.swift in Sources */ = {isa = PBXBuildFile; fileRef = 3358B69D1F1A759C00CBD8CF /* CoreDataConfigurator.swift */; };
		3358B69F1F1A759C00CBD8CF /* CoreDataConfigurator.swift in Sources */ = {isa = PBXBuildFile; fileRef = 3358B69D1F1A759C00CBD8CF /* CoreDataConfigurator.swift */; };
		3358B6A01F1A759C00CBD8CF /* CoreDataConfigurator.swift in Sources */ = {isa = PBXBuildFile; fileRef = 3358B69D1F1A759C00CBD8CF /* CoreDataConfigurator.swift */; };
		3358B6A11F1A759C00CBD8CF /* CoreDataConfigurator.swift in Sources */ = {isa = PBXBuildFile; fileRef = 3358B69D1F1A759C00CBD8CF /* CoreDataConfigurator.swift */; };
		3358B6A31F1AAC9200CBD8CF /* CoreStorage.swift in Sources */ = {isa = PBXBuildFile; fileRef = 3358B6A21F1AAC9200CBD8CF /* CoreStorage.swift */; };
		336041331F17C7470038BE3C /* CoreStorageConfig.swift in Sources */ = {isa = PBXBuildFile; fileRef = 336041321F17C7470038BE3C /* CoreStorageConfig.swift */; };
		336041351F17C7FA0038BE3C /* CoreStorageType.swift in Sources */ = {isa = PBXBuildFile; fileRef = 336041341F17C7FA0038BE3C /* CoreStorageType.swift */; };
		336041361F17C82D0038BE3C /* CoreStorageConfig.swift in Sources */ = {isa = PBXBuildFile; fileRef = 336041321F17C7470038BE3C /* CoreStorageConfig.swift */; };
		336041371F17C82D0038BE3C /* CoreStorageType.swift in Sources */ = {isa = PBXBuildFile; fileRef = 336041341F17C7FA0038BE3C /* CoreStorageType.swift */; };
		336041381F17C82D0038BE3C /* CoreStorageConfig.swift in Sources */ = {isa = PBXBuildFile; fileRef = 336041321F17C7470038BE3C /* CoreStorageConfig.swift */; };
		336041391F17C82D0038BE3C /* CoreStorageType.swift in Sources */ = {isa = PBXBuildFile; fileRef = 336041341F17C7FA0038BE3C /* CoreStorageType.swift */; };
		3360413A1F17C82E0038BE3C /* CoreStorageConfig.swift in Sources */ = {isa = PBXBuildFile; fileRef = 336041321F17C7470038BE3C /* CoreStorageConfig.swift */; };
		3360413B1F17C82E0038BE3C /* CoreStorageType.swift in Sources */ = {isa = PBXBuildFile; fileRef = 336041341F17C7FA0038BE3C /* CoreStorageType.swift */; };
		3378F7D71FB83B6A00CF60DF /* RealmConfiguration.swift in Sources */ = {isa = PBXBuildFile; fileRef = 3378F7D61FB83B6A00CF60DF /* RealmConfiguration.swift */; };
		3378F7D81FB83C6900CF60DF /* RealmConfiguration.swift in Sources */ = {isa = PBXBuildFile; fileRef = 3378F7D61FB83B6A00CF60DF /* RealmConfiguration.swift */; };
		3378F7D91FB83C6900CF60DF /* RealmConfiguration.swift in Sources */ = {isa = PBXBuildFile; fileRef = 3378F7D61FB83B6A00CF60DF /* RealmConfiguration.swift */; };
		3378F7DA1FB83C6900CF60DF /* RealmConfiguration.swift in Sources */ = {isa = PBXBuildFile; fileRef = 3378F7D61FB83B6A00CF60DF /* RealmConfiguration.swift */; };
		7C15E50AAA3730EC2E6A4FCF /* libPods-Monreau iOS.a in Frameworks */ = {isa = PBXBuildFile; fileRef = 813F688249E64E617466E52B /* libPods-Monreau iOS.a */; };
		A2A33B89F817DB82A7C026D7 /* libPods-Monreau tvOS.a in Frameworks */ = {isa = PBXBuildFile; fileRef = 2A2DC022CEED6F3DB6CB9B58 /* libPods-Monreau tvOS.a */; };
		B0A41BBD3CC96804D7DFE4BB /* libPods-Monreau iOS-Monreau iOS-Tests.a in Frameworks */ = {isa = PBXBuildFile; fileRef = 27D40B9BAFBD40A7422792C8 /* libPods-Monreau iOS-Monreau iOS-Tests.a */; };
		DFD26679BB7DCE1B1D14F0C9 /* libPods-Monreau tvOS-Monreau tvOS-Tests.a in Frameworks */ = {isa = PBXBuildFile; fileRef = 19B4C858A4B6E13FBFA1733E /* libPods-Monreau tvOS-Monreau tvOS-Tests.a */; };
		F47BD19CE53A2D5DC5487022 /* libPods-Monreau macOS-Monreau macOS-Tests.a in Frameworks */ = {isa = PBXBuildFile; fileRef = 9DE87FD20CC33D867000B1D0 /* libPods-Monreau macOS-Monreau macOS-Tests.a */; };
/* End PBXBuildFile section */

/* Begin PBXContainerItemProxy section */
		3331E6B91F0D0D80007BE883 /* PBXContainerItemProxy */ = {
			isa = PBXContainerItemProxy;
			containerPortal = 3358A8491F0C035800D4BD9C /* Project object */;
			proxyType = 1;
			remoteGlobalIDString = 3358A8951F0C03A800D4BD9C;
			remoteInfo = "Monreau macOS";
		};
		3331E6C81F0D0D8C007BE883 /* PBXContainerItemProxy */ = {
			isa = PBXContainerItemProxy;
			containerPortal = 3358A8491F0C035800D4BD9C /* Project object */;
			proxyType = 1;
			remoteGlobalIDString = 3358A8881F0C039D00D4BD9C;
			remoteInfo = "Monreau tvOS";
		};
		3331E6D71F0D0DA1007BE883 /* PBXContainerItemProxy */ = {
			isa = PBXContainerItemProxy;
			containerPortal = 3358A8491F0C035800D4BD9C /* Project object */;
			proxyType = 1;
			remoteGlobalIDString = 3358A8611F0C037100D4BD9C;
			remoteInfo = "Monreau iOS";
		};
/* End PBXContainerItemProxy section */

/* Begin PBXFileReference section */
		00DCE9A0C8A16837736C1F31 /* Pods-Monreau iOS.debug.xcconfig */ = {isa = PBXFileReference; includeInIndex = 1; lastKnownFileType = text.xcconfig; name = "Pods-Monreau iOS.debug.xcconfig"; path = "Target Support Files/Pods-Monreau iOS/Pods-Monreau iOS.debug.xcconfig"; sourceTree = "<group>"; };
		0131034AB2860169BA85EB6A /* Pods-Monreau macOS.debug.xcconfig */ = {isa = PBXFileReference; includeInIndex = 1; lastKnownFileType = text.xcconfig; name = "Pods-Monreau macOS.debug.xcconfig"; path = "Target Support Files/Pods-Monreau macOS/Pods-Monreau macOS.debug.xcconfig"; sourceTree = "<group>"; };
		073BBC63B5DECEA6893E9141 /* Pods-Monreau watchOS.release.xcconfig */ = {isa = PBXFileReference; includeInIndex = 1; lastKnownFileType = text.xcconfig; name = "Pods-Monreau watchOS.release.xcconfig"; path = "Target Support Files/Pods-Monreau watchOS/Pods-Monreau watchOS.release.xcconfig"; sourceTree = "<group>"; };
		1322F05DA12CF37B77B84BE9 /* Pods-Monreau macOS-Monreau macOS-Tests.release.xcconfig */ = {isa = PBXFileReference; includeInIndex = 1; lastKnownFileType = text.xcconfig; name = "Pods-Monreau macOS-Monreau macOS-Tests.release.xcconfig"; path = "Target Support Files/Pods-Monreau macOS-Monreau macOS-Tests/Pods-Monreau macOS-Monreau macOS-Tests.release.xcconfig"; sourceTree = "<group>"; };
		19B4C858A4B6E13FBFA1733E /* libPods-Monreau tvOS-Monreau tvOS-Tests.a */ = {isa = PBXFileReference; explicitFileType = archive.ar; includeInIndex = 0; path = "libPods-Monreau tvOS-Monreau tvOS-Tests.a"; sourceTree = BUILT_PRODUCTS_DIR; };
		27D40B9BAFBD40A7422792C8 /* libPods-Monreau iOS-Monreau iOS-Tests.a */ = {isa = PBXFileReference; explicitFileType = archive.ar; includeInIndex = 0; path = "libPods-Monreau iOS-Monreau iOS-Tests.a"; sourceTree = BUILT_PRODUCTS_DIR; };
		2A2DC022CEED6F3DB6CB9B58 /* libPods-Monreau tvOS.a */ = {isa = PBXFileReference; explicitFileType = archive.ar; includeInIndex = 0; path = "libPods-Monreau tvOS.a"; sourceTree = BUILT_PRODUCTS_DIR; };
		3310CCEF1F0F72D900081792 /* Package.swift */ = {isa = PBXFileReference; fileEncoding = 4; lastKnownFileType = sourcecode.swift; path = Package.swift; sourceTree = "<group>"; };
		331D04281FB84FAD004EF879 /* RealmStorage.swift */ = {isa = PBXFileReference; lastKnownFileType = sourcecode.swift; path = RealmStorage.swift; sourceTree = "<group>"; };
		331D042D1FB86ECD004EF879 /* Cascadable.swift */ = {isa = PBXFileReference; lastKnownFileType = sourcecode.swift; path = Cascadable.swift; sourceTree = "<group>"; };
		331D042F1FB8AC0B004EF879 /* UserRealmObject.swift */ = {isa = PBXFileReference; fileEncoding = 4; lastKnownFileType = sourcecode.swift; path = UserRealmObject.swift; sourceTree = "<group>"; };
		331D04361FB8AE16004EF879 /* Object.swift */ = {isa = PBXFileReference; lastKnownFileType = sourcecode.swift; path = Object.swift; sourceTree = "<group>"; };
		331D043F1FB8B0CF004EF879 /* MonreauRealmTests.swift */ = {isa = PBXFileReference; lastKnownFileType = sourcecode.swift; path = MonreauRealmTests.swift; sourceTree = "<group>"; };
		3331E6B31F0D0D80007BE883 /* Monreau macOS-Tests.xctest */ = {isa = PBXFileReference; explicitFileType = wrapper.cfbundle; includeInIndex = 0; path = "Monreau macOS-Tests.xctest"; sourceTree = BUILT_PRODUCTS_DIR; };
		3331E6C21F0D0D8C007BE883 /* Monreau tvOS-Tests.xctest */ = {isa = PBXFileReference; explicitFileType = wrapper.cfbundle; includeInIndex = 0; path = "Monreau tvOS-Tests.xctest"; sourceTree = BUILT_PRODUCTS_DIR; };
		3331E6D11F0D0DA1007BE883 /* Monreau iOS-Tests.xctest */ = {isa = PBXFileReference; explicitFileType = wrapper.cfbundle; includeInIndex = 0; path = "Monreau iOS-Tests.xctest"; sourceTree = BUILT_PRODUCTS_DIR; };
		3331E6DD1F0D0DC2007BE883 /* Info.plist */ = {isa = PBXFileReference; fileEncoding = 4; lastKnownFileType = text.plist.xml; path = Info.plist; sourceTree = "<group>"; };
		3331E6DF1F0D0E12007BE883 /* MonreauCoreTests.swift */ = {isa = PBXFileReference; fileEncoding = 4; lastKnownFileType = sourcecode.swift; path = MonreauCoreTests.swift; sourceTree = "<group>"; };
		3331E6E81F0D1015007BE883 /* Monreau.xcdatamodel */ = {isa = PBXFileReference; lastKnownFileType = wrapper.xcdatamodel; path = Monreau.xcdatamodel; sourceTree = "<group>"; };
		3331E6ED1F0D1165007BE883 /* UserCoreDataObject.swift */ = {isa = PBXFileReference; fileEncoding = 4; lastKnownFileType = sourcecode.swift; path = UserCoreDataObject.swift; sourceTree = "<group>"; };
		3358A8621F0C037100D4BD9C /* Monreau.framework */ = {isa = PBXFileReference; explicitFileType = wrapper.framework; includeInIndex = 0; path = Monreau.framework; sourceTree = BUILT_PRODUCTS_DIR; };
		3358A86F1F0C038400D4BD9C /* Monreau.framework */ = {isa = PBXFileReference; explicitFileType = wrapper.framework; includeInIndex = 0; path = Monreau.framework; sourceTree = BUILT_PRODUCTS_DIR; };
		3358A8891F0C039D00D4BD9C /* Monreau.framework */ = {isa = PBXFileReference; explicitFileType = wrapper.framework; includeInIndex = 0; path = Monreau.framework; sourceTree = BUILT_PRODUCTS_DIR; };
		3358A8961F0C03A800D4BD9C /* Monreau.framework */ = {isa = PBXFileReference; explicitFileType = wrapper.framework; includeInIndex = 0; path = Monreau.framework; sourceTree = BUILT_PRODUCTS_DIR; };
		3358A8A11F0C042400D4BD9C /* Info.plist */ = {isa = PBXFileReference; fileEncoding = 4; lastKnownFileType = text.plist.xml; path = Info.plist; sourceTree = "<group>"; };
		3358A8A21F0C042400D4BD9C /* Monreau.h */ = {isa = PBXFileReference; fileEncoding = 4; lastKnownFileType = sourcecode.c.h; path = Monreau.h; sourceTree = "<group>"; };
		3358A8AF1F0C06BD00D4BD9C /* SortDescriptor.swift */ = {isa = PBXFileReference; fileEncoding = 4; lastKnownFileType = sourcecode.swift; path = SortDescriptor.swift; sourceTree = "<group>"; };
		3358A8B31F0C06BD00D4BD9C /* String.swift */ = {isa = PBXFileReference; fileEncoding = 4; lastKnownFileType = sourcecode.swift; path = String.swift; sourceTree = "<group>"; };
		3358A8B51F0C06BD00D4BD9C /* Predicate.swift */ = {isa = PBXFileReference; fileEncoding = 4; lastKnownFileType = sourcecode.swift; path = Predicate.swift; sourceTree = "<group>"; };
		3358A8B81F0C06BD00D4BD9C /* NSManagedObject.swift */ = {isa = PBXFileReference; fileEncoding = 4; lastKnownFileType = sourcecode.swift; path = NSManagedObject.swift; sourceTree = "<group>"; };
		3358A8BA1F0C06BD00D4BD9C /* Storable.swift */ = {isa = PBXFileReference; fileEncoding = 4; lastKnownFileType = sourcecode.swift; path = Storable.swift; sourceTree = "<group>"; };
		3358A8BC1F0C06BD00D4BD9C /* Storage.swift */ = {isa = PBXFileReference; fileEncoding = 4; lastKnownFileType = sourcecode.swift; path = Storage.swift; sourceTree = "<group>"; };
		3358B69D1F1A759C00CBD8CF /* CoreDataConfigurator.swift */ = {isa = PBXFileReference; fileEncoding = 4; lastKnownFileType = sourcecode.swift; path = CoreDataConfigurator.swift; sourceTree = "<group>"; };
		3358B6A21F1AAC9200CBD8CF /* CoreStorage.swift */ = {isa = PBXFileReference; fileEncoding = 4; lastKnownFileType = sourcecode.swift; path = CoreStorage.swift; sourceTree = "<group>"; };
		336041321F17C7470038BE3C /* CoreStorageConfig.swift */ = {isa = PBXFileReference; fileEncoding = 4; lastKnownFileType = sourcecode.swift; path = CoreStorageConfig.swift; sourceTree = "<group>"; };
		336041341F17C7FA0038BE3C /* CoreStorageType.swift */ = {isa = PBXFileReference; fileEncoding = 4; lastKnownFileType = sourcecode.swift; path = CoreStorageType.swift; sourceTree = "<group>"; };
		3378F7D61FB83B6A00CF60DF /* RealmConfiguration.swift */ = {isa = PBXFileReference; lastKnownFileType = sourcecode.swift; path = RealmConfiguration.swift; sourceTree = "<group>"; };
		3577AA37F1E6EBA555C29438 /* Pods-Monreau tvOS.debug.xcconfig */ = {isa = PBXFileReference; includeInIndex = 1; lastKnownFileType = text.xcconfig; name = "Pods-Monreau tvOS.debug.xcconfig"; path = "Target Support Files/Pods-Monreau tvOS/Pods-Monreau tvOS.debug.xcconfig"; sourceTree = "<group>"; };
		40EF270E5E57D6454484E98B /* Pods-Monreau tvOS-Monreau tvOS-Tests.release.xcconfig */ = {isa = PBXFileReference; includeInIndex = 1; lastKnownFileType = text.xcconfig; name = "Pods-Monreau tvOS-Monreau tvOS-Tests.release.xcconfig"; path = "Target Support Files/Pods-Monreau tvOS-Monreau tvOS-Tests/Pods-Monreau tvOS-Monreau tvOS-Tests.release.xcconfig"; sourceTree = "<group>"; };
		4C5721E102F2307F7BB6C994 /* Pods-Monreau macOS-Monreau macOS-Tests.debug.xcconfig */ = {isa = PBXFileReference; includeInIndex = 1; lastKnownFileType = text.xcconfig; name = "Pods-Monreau macOS-Monreau macOS-Tests.debug.xcconfig"; path = "Target Support Files/Pods-Monreau macOS-Monreau macOS-Tests/Pods-Monreau macOS-Monreau macOS-Tests.debug.xcconfig"; sourceTree = "<group>"; };
		5405A8C5F44C817A66FA65A6 /* Pods-Monreau macOS.release.xcconfig */ = {isa = PBXFileReference; includeInIndex = 1; lastKnownFileType = text.xcconfig; name = "Pods-Monreau macOS.release.xcconfig"; path = "Target Support Files/Pods-Monreau macOS/Pods-Monreau macOS.release.xcconfig"; sourceTree = "<group>"; };
		687B6ED0ACF45E8B7709C22A /* Pods-Monreau iOS-Monreau iOS-Tests.debug.xcconfig */ = {isa = PBXFileReference; includeInIndex = 1; lastKnownFileType = text.xcconfig; name = "Pods-Monreau iOS-Monreau iOS-Tests.debug.xcconfig"; path = "Target Support Files/Pods-Monreau iOS-Monreau iOS-Tests/Pods-Monreau iOS-Monreau iOS-Tests.debug.xcconfig"; sourceTree = "<group>"; };
		751360C0B0374CD4A04D8D9D /* Pods-Monreau iOS-Monreau iOS-Tests.release.xcconfig */ = {isa = PBXFileReference; includeInIndex = 1; lastKnownFileType = text.xcconfig; name = "Pods-Monreau iOS-Monreau iOS-Tests.release.xcconfig"; path = "Target Support Files/Pods-Monreau iOS-Monreau iOS-Tests/Pods-Monreau iOS-Monreau iOS-Tests.release.xcconfig"; sourceTree = "<group>"; };
		813F688249E64E617466E52B /* libPods-Monreau iOS.a */ = {isa = PBXFileReference; explicitFileType = archive.ar; includeInIndex = 0; path = "libPods-Monreau iOS.a"; sourceTree = BUILT_PRODUCTS_DIR; };
		9DE87FD20CC33D867000B1D0 /* libPods-Monreau macOS-Monreau macOS-Tests.a */ = {isa = PBXFileReference; explicitFileType = archive.ar; includeInIndex = 0; path = "libPods-Monreau macOS-Monreau macOS-Tests.a"; sourceTree = BUILT_PRODUCTS_DIR; };
		9F091334D831A0AB4A75A52B /* Pods-Monreau tvOS-Monreau tvOS-Tests.debug.xcconfig */ = {isa = PBXFileReference; includeInIndex = 1; lastKnownFileType = text.xcconfig; name = "Pods-Monreau tvOS-Monreau tvOS-Tests.debug.xcconfig"; path = "Target Support Files/Pods-Monreau tvOS-Monreau tvOS-Tests/Pods-Monreau tvOS-Monreau tvOS-Tests.debug.xcconfig"; sourceTree = "<group>"; };
		9FB3FFDC930B445345966E15 /* libPods-Monreau watchOS.a */ = {isa = PBXFileReference; explicitFileType = archive.ar; includeInIndex = 0; path = "libPods-Monreau watchOS.a"; sourceTree = BUILT_PRODUCTS_DIR; };
		A0A37FB28F26F6D6B4779362 /* Pods-Monreau iOS.release.xcconfig */ = {isa = PBXFileReference; includeInIndex = 1; lastKnownFileType = text.xcconfig; name = "Pods-Monreau iOS.release.xcconfig"; path = "Target Support Files/Pods-Monreau iOS/Pods-Monreau iOS.release.xcconfig"; sourceTree = "<group>"; };
		B38CFAE7983309E41EE9B24C /* libPods-Monreau macOS.a */ = {isa = PBXFileReference; explicitFileType = archive.ar; includeInIndex = 0; path = "libPods-Monreau macOS.a"; sourceTree = BUILT_PRODUCTS_DIR; };
		C6D72AE903645566D1CE808A /* Pods-Monreau watchOS.debug.xcconfig */ = {isa = PBXFileReference; includeInIndex = 1; lastKnownFileType = text.xcconfig; name = "Pods-Monreau watchOS.debug.xcconfig"; path = "Target Support Files/Pods-Monreau watchOS/Pods-Monreau watchOS.debug.xcconfig"; sourceTree = "<group>"; };
		EE5B5FFCE24F9C858C56D753 /* Pods-Monreau tvOS.release.xcconfig */ = {isa = PBXFileReference; includeInIndex = 1; lastKnownFileType = text.xcconfig; name = "Pods-Monreau tvOS.release.xcconfig"; path = "Target Support Files/Pods-Monreau tvOS/Pods-Monreau tvOS.release.xcconfig"; sourceTree = "<group>"; };
/* End PBXFileReference section */

/* Begin PBXFrameworksBuildPhase section */
		3331E6B01F0D0D80007BE883 /* Frameworks */ = {
			isa = PBXFrameworksBuildPhase;
			buildActionMask = 2147483647;
			files = (
				3331E6B81F0D0D80007BE883 /* Monreau.framework in Frameworks */,
				F47BD19CE53A2D5DC5487022 /* libPods-Monreau macOS-Monreau macOS-Tests.a in Frameworks */,
			);
			runOnlyForDeploymentPostprocessing = 0;
		};
		3331E6BF1F0D0D8C007BE883 /* Frameworks */ = {
			isa = PBXFrameworksBuildPhase;
			buildActionMask = 2147483647;
			files = (
				3331E6C71F0D0D8C007BE883 /* Monreau.framework in Frameworks */,
				DFD26679BB7DCE1B1D14F0C9 /* libPods-Monreau tvOS-Monreau tvOS-Tests.a in Frameworks */,
			);
			runOnlyForDeploymentPostprocessing = 0;
		};
		3331E6CE1F0D0DA1007BE883 /* Frameworks */ = {
			isa = PBXFrameworksBuildPhase;
			buildActionMask = 2147483647;
			files = (
				3331E6D61F0D0DA1007BE883 /* Monreau.framework in Frameworks */,
				B0A41BBD3CC96804D7DFE4BB /* libPods-Monreau iOS-Monreau iOS-Tests.a in Frameworks */,
			);
			runOnlyForDeploymentPostprocessing = 0;
		};
		3358A85E1F0C037100D4BD9C /* Frameworks */ = {
			isa = PBXFrameworksBuildPhase;
			buildActionMask = 2147483647;
			files = (
				7C15E50AAA3730EC2E6A4FCF /* libPods-Monreau iOS.a in Frameworks */,
			);
			runOnlyForDeploymentPostprocessing = 0;
		};
		3358A86B1F0C038400D4BD9C /* Frameworks */ = {
			isa = PBXFrameworksBuildPhase;
			buildActionMask = 2147483647;
			files = (
				15FEE4C6D9ED170756155B2B /* libPods-Monreau watchOS.a in Frameworks */,
			);
			runOnlyForDeploymentPostprocessing = 0;
		};
		3358A8851F0C039D00D4BD9C /* Frameworks */ = {
			isa = PBXFrameworksBuildPhase;
			buildActionMask = 2147483647;
			files = (
				A2A33B89F817DB82A7C026D7 /* libPods-Monreau tvOS.a in Frameworks */,
			);
			runOnlyForDeploymentPostprocessing = 0;
		};
		3358A8921F0C03A800D4BD9C /* Frameworks */ = {
			isa = PBXFrameworksBuildPhase;
			buildActionMask = 2147483647;
			files = (
				22E9677C3D5A73C2EE78A165 /* libPods-Monreau macOS.a in Frameworks */,
			);
			runOnlyForDeploymentPostprocessing = 0;
		};
/* End PBXFrameworksBuildPhase section */

/* Begin PBXGroup section */
		3331E6DC1F0D0DC2007BE883 /* MonreauTests */ = {
			isa = PBXGroup;
			children = (
				3331E6DF1F0D0E12007BE883 /* MonreauCoreTests.swift */,
				3331E6DD1F0D0DC2007BE883 /* Info.plist */,
				331D043F1FB8B0CF004EF879 /* MonreauRealmTests.swift */,
			);
			path = MonreauTests;
			sourceTree = "<group>";
		};
		3358A8481F0C035800D4BD9C = {
			isa = PBXGroup;
			children = (
				3310CCEF1F0F72D900081792 /* Package.swift */,
				3358A89E1F0C042400D4BD9C /* Sources */,
				3358A8A31F0C042400D4BD9C /* Tests */,
				3358A8551F0C036100D4BD9C /* Products */,
				50490322A13094F5CF64B26F /* Pods */,
				B51A8A4DC8E5B0D42D62C8DB /* Frameworks */,
			);
			sourceTree = "<group>";
		};
		3358A8551F0C036100D4BD9C /* Products */ = {
			isa = PBXGroup;
			children = (
				3358A8621F0C037100D4BD9C /* Monreau.framework */,
				3358A86F1F0C038400D4BD9C /* Monreau.framework */,
				3358A8891F0C039D00D4BD9C /* Monreau.framework */,
				3358A8961F0C03A800D4BD9C /* Monreau.framework */,
				3331E6B31F0D0D80007BE883 /* Monreau macOS-Tests.xctest */,
				3331E6C21F0D0D8C007BE883 /* Monreau tvOS-Tests.xctest */,
				3331E6D11F0D0DA1007BE883 /* Monreau iOS-Tests.xctest */,
			);
			name = Products;
			sourceTree = "<group>";
		};
		3358A89E1F0C042400D4BD9C /* Sources */ = {
			isa = PBXGroup;
			children = (
				3358A89F1F0C042400D4BD9C /* Monreau */,
			);
			path = Sources;
			sourceTree = "<group>";
		};
		3358A89F1F0C042400D4BD9C /* Monreau */ = {
			isa = PBXGroup;
			children = (
				3358A8AA1F0C06BD00D4BD9C /* Storage */,
				3358A8A01F0C042400D4BD9C /* Supporting */,
			);
			path = Monreau;
			sourceTree = "<group>";
		};
		3358A8A01F0C042400D4BD9C /* Supporting */ = {
			isa = PBXGroup;
			children = (
				3358A8A11F0C042400D4BD9C /* Info.plist */,
				3358A8A21F0C042400D4BD9C /* Monreau.h */,
			);
			path = Supporting;
			sourceTree = "<group>";
		};
		3358A8A31F0C042400D4BD9C /* Tests */ = {
			isa = PBXGroup;
			children = (
				3331E6DC1F0D0DC2007BE883 /* MonreauTests */,
				3331E6E71F0D1015007BE883 /* Monreau.xcdatamodeld */,
				3331E6ED1F0D1165007BE883 /* UserCoreDataObject.swift */,
				331D042F1FB8AC0B004EF879 /* UserRealmObject.swift */,
			);
			path = Tests;
			sourceTree = "<group>";
		};
		3358A8AA1F0C06BD00D4BD9C /* Storage */ = {
			isa = PBXGroup;
			children = (
				3358A8AB1F0C06BD00D4BD9C /* ConcreteClasses */,
				3358A8AD1F0C06BD00D4BD9C /* Models */,
				3358A8BB1F0C06BD00D4BD9C /* Protocols */,
			);
			path = Storage;
			sourceTree = "<group>";
		};
		3358A8AB1F0C06BD00D4BD9C /* ConcreteClasses */ = {
			isa = PBXGroup;
			children = (
				3378F7D51FB83B6600CF60DF /* Realm */,
				3358B69C1F1A756900CBD8CF /* CoreData */,
			);
			path = ConcreteClasses;
			sourceTree = "<group>";
		};
		3358A8AD1F0C06BD00D4BD9C /* Models */ = {
			isa = PBXGroup;
			children = (
				336041311F17C7390038BE3C /* Config */,
				3358A8AE1F0C06BD00D4BD9C /* Descriptor */,
				3358A8B01F0C06BD00D4BD9C /* Predicate */,
				3358A8B61F0C06BD00D4BD9C /* Storable */,
			);
			path = Models;
			sourceTree = "<group>";
		};
		3358A8AE1F0C06BD00D4BD9C /* Descriptor */ = {
			isa = PBXGroup;
			children = (
				3358A8AF1F0C06BD00D4BD9C /* SortDescriptor.swift */,
			);
			path = Descriptor;
			sourceTree = "<group>";
		};
		3358A8B01F0C06BD00D4BD9C /* Predicate */ = {
			isa = PBXGroup;
			children = (
				3358A8B11F0C06BD00D4BD9C /* Concrete */,
				3358A8B41F0C06BD00D4BD9C /* Protocols */,
			);
			path = Predicate;
			sourceTree = "<group>";
		};
		3358A8B11F0C06BD00D4BD9C /* Concrete */ = {
			isa = PBXGroup;
			children = (
				3358A8B31F0C06BD00D4BD9C /* String.swift */,
			);
			path = Concrete;
			sourceTree = "<group>";
		};
		3358A8B41F0C06BD00D4BD9C /* Protocols */ = {
			isa = PBXGroup;
			children = (
				3358A8B51F0C06BD00D4BD9C /* Predicate.swift */,
			);
			path = Protocols;
			sourceTree = "<group>";
		};
		3358A8B61F0C06BD00D4BD9C /* Storable */ = {
			isa = PBXGroup;
			children = (
				3358A8B71F0C06BD00D4BD9C /* Concrete */,
				3358A8B91F0C06BD00D4BD9C /* Protocols */,
			);
			path = Storable;
			sourceTree = "<group>";
		};
		3358A8B71F0C06BD00D4BD9C /* Concrete */ = {
			isa = PBXGroup;
			children = (
				3358A8B81F0C06BD00D4BD9C /* NSManagedObject.swift */,
				331D04361FB8AE16004EF879 /* Object.swift */,
			);
			path = Concrete;
			sourceTree = "<group>";
		};
		3358A8B91F0C06BD00D4BD9C /* Protocols */ = {
			isa = PBXGroup;
			children = (
				3358A8BA1F0C06BD00D4BD9C /* Storable.swift */,
			);
			path = Protocols;
			sourceTree = "<group>";
		};
		3358A8BB1F0C06BD00D4BD9C /* Protocols */ = {
			isa = PBXGroup;
			children = (
				3358A8BC1F0C06BD00D4BD9C /* Storage.swift */,
			);
			path = Protocols;
			sourceTree = "<group>";
		};
		3358B69C1F1A756900CBD8CF /* CoreData */ = {
			isa = PBXGroup;
			children = (
				3358B6A21F1AAC9200CBD8CF /* CoreStorage.swift */,
				3358B69D1F1A759C00CBD8CF /* CoreDataConfigurator.swift */,
			);
			path = CoreData;
			sourceTree = "<group>";
		};
		336041311F17C7390038BE3C /* Config */ = {
			isa = PBXGroup;
			children = (
				336041321F17C7470038BE3C /* CoreStorageConfig.swift */,
				336041341F17C7FA0038BE3C /* CoreStorageType.swift */,
			);
			path = Config;
			sourceTree = "<group>";
		};
		3378F7D51FB83B6600CF60DF /* Realm */ = {
			isa = PBXGroup;
			children = (
				3378F7D61FB83B6A00CF60DF /* RealmConfiguration.swift */,
				331D04281FB84FAD004EF879 /* RealmStorage.swift */,
				331D042D1FB86ECD004EF879 /* Cascadable.swift */,
			);
			path = Realm;
			sourceTree = "<group>";
		};
		50490322A13094F5CF64B26F /* Pods */ = {
			isa = PBXGroup;
			children = (
				00DCE9A0C8A16837736C1F31 /* Pods-Monreau iOS.debug.xcconfig */,
				A0A37FB28F26F6D6B4779362 /* Pods-Monreau iOS.release.xcconfig */,
				687B6ED0ACF45E8B7709C22A /* Pods-Monreau iOS-Monreau iOS-Tests.debug.xcconfig */,
				751360C0B0374CD4A04D8D9D /* Pods-Monreau iOS-Monreau iOS-Tests.release.xcconfig */,
				0131034AB2860169BA85EB6A /* Pods-Monreau macOS.debug.xcconfig */,
				5405A8C5F44C817A66FA65A6 /* Pods-Monreau macOS.release.xcconfig */,
				4C5721E102F2307F7BB6C994 /* Pods-Monreau macOS-Monreau macOS-Tests.debug.xcconfig */,
				1322F05DA12CF37B77B84BE9 /* Pods-Monreau macOS-Monreau macOS-Tests.release.xcconfig */,
				3577AA37F1E6EBA555C29438 /* Pods-Monreau tvOS.debug.xcconfig */,
				EE5B5FFCE24F9C858C56D753 /* Pods-Monreau tvOS.release.xcconfig */,
				9F091334D831A0AB4A75A52B /* Pods-Monreau tvOS-Monreau tvOS-Tests.debug.xcconfig */,
				40EF270E5E57D6454484E98B /* Pods-Monreau tvOS-Monreau tvOS-Tests.release.xcconfig */,
				C6D72AE903645566D1CE808A /* Pods-Monreau watchOS.debug.xcconfig */,
				073BBC63B5DECEA6893E9141 /* Pods-Monreau watchOS.release.xcconfig */,
			);
			path = Pods;
			sourceTree = "<group>";
		};
		B51A8A4DC8E5B0D42D62C8DB /* Frameworks */ = {
			isa = PBXGroup;
			children = (
				813F688249E64E617466E52B /* libPods-Monreau iOS.a */,
				27D40B9BAFBD40A7422792C8 /* libPods-Monreau iOS-Monreau iOS-Tests.a */,
				B38CFAE7983309E41EE9B24C /* libPods-Monreau macOS.a */,
				9DE87FD20CC33D867000B1D0 /* libPods-Monreau macOS-Monreau macOS-Tests.a */,
				2A2DC022CEED6F3DB6CB9B58 /* libPods-Monreau tvOS.a */,
				19B4C858A4B6E13FBFA1733E /* libPods-Monreau tvOS-Monreau tvOS-Tests.a */,
				9FB3FFDC930B445345966E15 /* libPods-Monreau watchOS.a */,
			);
			name = Frameworks;
			sourceTree = "<group>";
		};
/* End PBXGroup section */

/* Begin PBXHeadersBuildPhase section */
		3358A85F1F0C037100D4BD9C /* Headers */ = {
			isa = PBXHeadersBuildPhase;
			buildActionMask = 2147483647;
			files = (
				3358A8A51F0C042400D4BD9C /* Monreau.h in Headers */,
			);
			runOnlyForDeploymentPostprocessing = 0;
		};
		3358A86C1F0C038400D4BD9C /* Headers */ = {
			isa = PBXHeadersBuildPhase;
			buildActionMask = 2147483647;
			files = (
				3358A8A81F0C042B00D4BD9C /* Monreau.h in Headers */,
			);
			runOnlyForDeploymentPostprocessing = 0;
		};
		3358A8861F0C039D00D4BD9C /* Headers */ = {
			isa = PBXHeadersBuildPhase;
			buildActionMask = 2147483647;
			files = (
				3358A8A71F0C042B00D4BD9C /* Monreau.h in Headers */,
			);
			runOnlyForDeploymentPostprocessing = 0;
		};
		3358A8931F0C03A800D4BD9C /* Headers */ = {
			isa = PBXHeadersBuildPhase;
			buildActionMask = 2147483647;
			files = (
				3358A8A61F0C042B00D4BD9C /* Monreau.h in Headers */,
			);
			runOnlyForDeploymentPostprocessing = 0;
		};
/* End PBXHeadersBuildPhase section */

/* Begin PBXNativeTarget section */
		3331E6B21F0D0D80007BE883 /* Monreau macOS-Tests */ = {
			isa = PBXNativeTarget;
			buildConfigurationList = 3331E6BB1F0D0D80007BE883 /* Build configuration list for PBXNativeTarget "Monreau macOS-Tests" */;
			buildPhases = (
				68301AC9959674D77114F71B /* [CP] Check Pods Manifest.lock */,
				3331E6AF1F0D0D80007BE883 /* Sources */,
				3331E6B01F0D0D80007BE883 /* Frameworks */,
				3331E6B11F0D0D80007BE883 /* Resources */,
			);
			buildRules = (
			);
			dependencies = (
				3331E6BA1F0D0D80007BE883 /* PBXTargetDependency */,
			);
			name = "Monreau macOS-Tests";
			productName = "Monreau macOS-Tests";
			productReference = 3331E6B31F0D0D80007BE883 /* Monreau macOS-Tests.xctest */;
			productType = "com.apple.product-type.bundle.unit-test";
		};
		3331E6C11F0D0D8C007BE883 /* Monreau tvOS-Tests */ = {
			isa = PBXNativeTarget;
			buildConfigurationList = 3331E6CA1F0D0D8C007BE883 /* Build configuration list for PBXNativeTarget "Monreau tvOS-Tests" */;
			buildPhases = (
				DC8D969CC8A2AB3339278334 /* [CP] Check Pods Manifest.lock */,
				3331E6BE1F0D0D8C007BE883 /* Sources */,
				3331E6BF1F0D0D8C007BE883 /* Frameworks */,
				3331E6C01F0D0D8C007BE883 /* Resources */,
			);
			buildRules = (
			);
			dependencies = (
				3331E6C91F0D0D8C007BE883 /* PBXTargetDependency */,
			);
			name = "Monreau tvOS-Tests";
			productName = "Monreau tvOS-Tests";
			productReference = 3331E6C21F0D0D8C007BE883 /* Monreau tvOS-Tests.xctest */;
			productType = "com.apple.product-type.bundle.unit-test";
		};
		3331E6D01F0D0DA1007BE883 /* Monreau iOS-Tests */ = {
			isa = PBXNativeTarget;
			buildConfigurationList = 3331E6D91F0D0DA1007BE883 /* Build configuration list for PBXNativeTarget "Monreau iOS-Tests" */;
			buildPhases = (
				605BFF38C47AF91EA1945EDD /* [CP] Check Pods Manifest.lock */,
				3331E6CD1F0D0DA1007BE883 /* Sources */,
				3331E6CE1F0D0DA1007BE883 /* Frameworks */,
				3331E6CF1F0D0DA1007BE883 /* Resources */,
			);
			buildRules = (
			);
			dependencies = (
				3331E6D81F0D0DA1007BE883 /* PBXTargetDependency */,
			);
			name = "Monreau iOS-Tests";
			productName = "Monreau iOS-Tests";
			productReference = 3331E6D11F0D0DA1007BE883 /* Monreau iOS-Tests.xctest */;
			productType = "com.apple.product-type.bundle.unit-test";
		};
		3358A8611F0C037100D4BD9C /* Monreau iOS */ = {
			isa = PBXNativeTarget;
			buildConfigurationList = 3358A8671F0C037100D4BD9C /* Build configuration list for PBXNativeTarget "Monreau iOS" */;
			buildPhases = (
				B933DA317B309DA08551805B /* [CP] Check Pods Manifest.lock */,
				3358A85D1F0C037100D4BD9C /* Sources */,
				3358A85E1F0C037100D4BD9C /* Frameworks */,
				3358A85F1F0C037100D4BD9C /* Headers */,
				3358A8601F0C037100D4BD9C /* Resources */,
			);
			buildRules = (
			);
			dependencies = (
			);
			name = "Monreau iOS";
			productName = "Monreau iOS";
			productReference = 3358A8621F0C037100D4BD9C /* Monreau.framework */;
			productType = "com.apple.product-type.framework";
		};
		3358A86E1F0C038400D4BD9C /* Monreau watchOS */ = {
			isa = PBXNativeTarget;
			buildConfigurationList = 3358A8741F0C038400D4BD9C /* Build configuration list for PBXNativeTarget "Monreau watchOS" */;
			buildPhases = (
				93F0B4C0FA388EF18C44D95C /* [CP] Check Pods Manifest.lock */,
				3358A86A1F0C038400D4BD9C /* Sources */,
				3358A86B1F0C038400D4BD9C /* Frameworks */,
				3358A86C1F0C038400D4BD9C /* Headers */,
				3358A86D1F0C038400D4BD9C /* Resources */,
			);
			buildRules = (
			);
			dependencies = (
			);
			name = "Monreau watchOS";
			productName = "Monreau watchOS";
			productReference = 3358A86F1F0C038400D4BD9C /* Monreau.framework */;
			productType = "com.apple.product-type.framework";
		};
		3358A8881F0C039D00D4BD9C /* Monreau tvOS */ = {
			isa = PBXNativeTarget;
			buildConfigurationList = 3358A88E1F0C039D00D4BD9C /* Build configuration list for PBXNativeTarget "Monreau tvOS" */;
			buildPhases = (
				40C714FA7D4DF1EEECBEF5FC /* [CP] Check Pods Manifest.lock */,
				3358A8841F0C039D00D4BD9C /* Sources */,
				3358A8851F0C039D00D4BD9C /* Frameworks */,
				3358A8861F0C039D00D4BD9C /* Headers */,
				3358A8871F0C039D00D4BD9C /* Resources */,
			);
			buildRules = (
			);
			dependencies = (
			);
			name = "Monreau tvOS";
			productName = "Monreau tvOS";
			productReference = 3358A8891F0C039D00D4BD9C /* Monreau.framework */;
			productType = "com.apple.product-type.framework";
		};
		3358A8951F0C03A800D4BD9C /* Monreau macOS */ = {
			isa = PBXNativeTarget;
			buildConfigurationList = 3358A89B1F0C03A800D4BD9C /* Build configuration list for PBXNativeTarget "Monreau macOS" */;
			buildPhases = (
				BAD800755546C9DC14D90B47 /* [CP] Check Pods Manifest.lock */,
				3358A8911F0C03A800D4BD9C /* Sources */,
				3358A8921F0C03A800D4BD9C /* Frameworks */,
				3358A8931F0C03A800D4BD9C /* Headers */,
				3358A8941F0C03A800D4BD9C /* Resources */,
			);
			buildRules = (
			);
			dependencies = (
			);
			name = "Monreau macOS";
			productName = "Monreau macOS";
			productReference = 3358A8961F0C03A800D4BD9C /* Monreau.framework */;
			productType = "com.apple.product-type.framework";
		};
/* End PBXNativeTarget section */

/* Begin PBXProject section */
		3358A8491F0C035800D4BD9C /* Project object */ = {
			isa = PBXProject;
			attributes = {
				LastSwiftUpdateCheck = 0830;
				LastUpgradeCheck = 1220;
				TargetAttributes = {
					3331E6B21F0D0D80007BE883 = {
						CreatedOnToolsVersion = 8.3.3;
						DevelopmentTeam = 7Q8EP54N3L;
						ProvisioningStyle = Automatic;
					};
					3331E6C11F0D0D8C007BE883 = {
						CreatedOnToolsVersion = 8.3.3;
						DevelopmentTeam = 7Q8EP54N3L;
						ProvisioningStyle = Automatic;
					};
					3331E6D01F0D0DA1007BE883 = {
						CreatedOnToolsVersion = 8.3.3;
						DevelopmentTeam = 7Q8EP54N3L;
						LastSwiftMigration = 1110;
						ProvisioningStyle = Automatic;
					};
					3358A8611F0C037100D4BD9C = {
						CreatedOnToolsVersion = 8.3.3;
						LastSwiftMigration = 1030;
						ProvisioningStyle = Manual;
					};
					3358A86E1F0C038400D4BD9C = {
						CreatedOnToolsVersion = 8.3.3;
						LastSwiftMigration = 1030;
						ProvisioningStyle = Manual;
					};
					3358A8881F0C039D00D4BD9C = {
						CreatedOnToolsVersion = 8.3.3;
						LastSwiftMigration = 1030;
						ProvisioningStyle = Manual;
					};
					3358A8951F0C03A800D4BD9C = {
						CreatedOnToolsVersion = 8.3.3;
						LastSwiftMigration = 1030;
						ProvisioningStyle = Manual;
					};
				};
			};
			buildConfigurationList = 3358A84C1F0C035800D4BD9C /* Build configuration list for PBXProject "Monreau" */;
			compatibilityVersion = "Xcode 3.2";
			developmentRegion = en;
			hasScannedForEncodings = 0;
			knownRegions = (
				en,
				Base,
			);
			mainGroup = 3358A8481F0C035800D4BD9C;
			productRefGroup = 3358A8551F0C036100D4BD9C /* Products */;
			projectDirPath = "";
			projectRoot = "";
			targets = (
				3358A8611F0C037100D4BD9C /* Monreau iOS */,
				3358A86E1F0C038400D4BD9C /* Monreau watchOS */,
				3358A8881F0C039D00D4BD9C /* Monreau tvOS */,
				3358A8951F0C03A800D4BD9C /* Monreau macOS */,
				3331E6B21F0D0D80007BE883 /* Monreau macOS-Tests */,
				3331E6C11F0D0D8C007BE883 /* Monreau tvOS-Tests */,
				3331E6D01F0D0DA1007BE883 /* Monreau iOS-Tests */,
			);
		};
/* End PBXProject section */

/* Begin PBXResourcesBuildPhase section */
		3331E6B11F0D0D80007BE883 /* Resources */ = {
			isa = PBXResourcesBuildPhase;
			buildActionMask = 2147483647;
			files = (
			);
			runOnlyForDeploymentPostprocessing = 0;
		};
		3331E6C01F0D0D8C007BE883 /* Resources */ = {
			isa = PBXResourcesBuildPhase;
			buildActionMask = 2147483647;
			files = (
			);
			runOnlyForDeploymentPostprocessing = 0;
		};
		3331E6CF1F0D0DA1007BE883 /* Resources */ = {
			isa = PBXResourcesBuildPhase;
			buildActionMask = 2147483647;
			files = (
			);
			runOnlyForDeploymentPostprocessing = 0;
		};
		3358A8601F0C037100D4BD9C /* Resources */ = {
			isa = PBXResourcesBuildPhase;
			buildActionMask = 2147483647;
			files = (
			);
			runOnlyForDeploymentPostprocessing = 0;
		};
		3358A86D1F0C038400D4BD9C /* Resources */ = {
			isa = PBXResourcesBuildPhase;
			buildActionMask = 2147483647;
			files = (
			);
			runOnlyForDeploymentPostprocessing = 0;
		};
		3358A8871F0C039D00D4BD9C /* Resources */ = {
			isa = PBXResourcesBuildPhase;
			buildActionMask = 2147483647;
			files = (
			);
			runOnlyForDeploymentPostprocessing = 0;
		};
		3358A8941F0C03A800D4BD9C /* Resources */ = {
			isa = PBXResourcesBuildPhase;
			buildActionMask = 2147483647;
			files = (
			);
			runOnlyForDeploymentPostprocessing = 0;
		};
/* End PBXResourcesBuildPhase section */

/* Begin PBXShellScriptBuildPhase section */
		40C714FA7D4DF1EEECBEF5FC /* [CP] Check Pods Manifest.lock */ = {
			isa = PBXShellScriptBuildPhase;
			buildActionMask = 2147483647;
			files = (
			);
			inputFileListPaths = (
			);
			inputPaths = (
				"${PODS_PODFILE_DIR_PATH}/Podfile.lock",
				"${PODS_ROOT}/Manifest.lock",
			);
			name = "[CP] Check Pods Manifest.lock";
			outputFileListPaths = (
			);
			outputPaths = (
				"$(DERIVED_FILE_DIR)/Pods-Monreau tvOS-checkManifestLockResult.txt",
			);
			runOnlyForDeploymentPostprocessing = 0;
			shellPath = /bin/sh;
			shellScript = "diff \"${PODS_PODFILE_DIR_PATH}/Podfile.lock\" \"${PODS_ROOT}/Manifest.lock\" > /dev/null\nif [ $? != 0 ] ; then\n    # print error to STDERR\n    echo \"error: The sandbox is not in sync with the Podfile.lock. Run 'pod install' or update your CocoaPods installation.\" >&2\n    exit 1\nfi\n# This output is used by Xcode 'outputs' to avoid re-running this script phase.\necho \"SUCCESS\" > \"${SCRIPT_OUTPUT_FILE_0}\"\n";
			showEnvVarsInLog = 0;
		};
		605BFF38C47AF91EA1945EDD /* [CP] Check Pods Manifest.lock */ = {
			isa = PBXShellScriptBuildPhase;
			buildActionMask = 2147483647;
			files = (
			);
			inputFileListPaths = (
			);
			inputPaths = (
				"${PODS_PODFILE_DIR_PATH}/Podfile.lock",
				"${PODS_ROOT}/Manifest.lock",
			);
			name = "[CP] Check Pods Manifest.lock";
			outputFileListPaths = (
			);
			outputPaths = (
				"$(DERIVED_FILE_DIR)/Pods-Monreau iOS-Monreau iOS-Tests-checkManifestLockResult.txt",
			);
			runOnlyForDeploymentPostprocessing = 0;
			shellPath = /bin/sh;
			shellScript = "diff \"${PODS_PODFILE_DIR_PATH}/Podfile.lock\" \"${PODS_ROOT}/Manifest.lock\" > /dev/null\nif [ $? != 0 ] ; then\n    # print error to STDERR\n    echo \"error: The sandbox is not in sync with the Podfile.lock. Run 'pod install' or update your CocoaPods installation.\" >&2\n    exit 1\nfi\n# This output is used by Xcode 'outputs' to avoid re-running this script phase.\necho \"SUCCESS\" > \"${SCRIPT_OUTPUT_FILE_0}\"\n";
			showEnvVarsInLog = 0;
		};
		68301AC9959674D77114F71B /* [CP] Check Pods Manifest.lock */ = {
			isa = PBXShellScriptBuildPhase;
			buildActionMask = 2147483647;
			files = (
			);
			inputFileListPaths = (
			);
			inputPaths = (
				"${PODS_PODFILE_DIR_PATH}/Podfile.lock",
				"${PODS_ROOT}/Manifest.lock",
			);
			name = "[CP] Check Pods Manifest.lock";
			outputFileListPaths = (
			);
			outputPaths = (
				"$(DERIVED_FILE_DIR)/Pods-Monreau macOS-Monreau macOS-Tests-checkManifestLockResult.txt",
			);
			runOnlyForDeploymentPostprocessing = 0;
			shellPath = /bin/sh;
			shellScript = "diff \"${PODS_PODFILE_DIR_PATH}/Podfile.lock\" \"${PODS_ROOT}/Manifest.lock\" > /dev/null\nif [ $? != 0 ] ; then\n    # print error to STDERR\n    echo \"error: The sandbox is not in sync with the Podfile.lock. Run 'pod install' or update your CocoaPods installation.\" >&2\n    exit 1\nfi\n# This output is used by Xcode 'outputs' to avoid re-running this script phase.\necho \"SUCCESS\" > \"${SCRIPT_OUTPUT_FILE_0}\"\n";
			showEnvVarsInLog = 0;
		};
		93F0B4C0FA388EF18C44D95C /* [CP] Check Pods Manifest.lock */ = {
			isa = PBXShellScriptBuildPhase;
			buildActionMask = 2147483647;
			files = (
			);
			inputFileListPaths = (
			);
			inputPaths = (
				"${PODS_PODFILE_DIR_PATH}/Podfile.lock",
				"${PODS_ROOT}/Manifest.lock",
			);
			name = "[CP] Check Pods Manifest.lock";
			outputFileListPaths = (
			);
			outputPaths = (
				"$(DERIVED_FILE_DIR)/Pods-Monreau watchOS-checkManifestLockResult.txt",
			);
			runOnlyForDeploymentPostprocessing = 0;
			shellPath = /bin/sh;
			shellScript = "diff \"${PODS_PODFILE_DIR_PATH}/Podfile.lock\" \"${PODS_ROOT}/Manifest.lock\" > /dev/null\nif [ $? != 0 ] ; then\n    # print error to STDERR\n    echo \"error: The sandbox is not in sync with the Podfile.lock. Run 'pod install' or update your CocoaPods installation.\" >&2\n    exit 1\nfi\n# This output is used by Xcode 'outputs' to avoid re-running this script phase.\necho \"SUCCESS\" > \"${SCRIPT_OUTPUT_FILE_0}\"\n";
			showEnvVarsInLog = 0;
		};
		B933DA317B309DA08551805B /* [CP] Check Pods Manifest.lock */ = {
			isa = PBXShellScriptBuildPhase;
			buildActionMask = 2147483647;
			files = (
			);
			inputFileListPaths = (
			);
			inputPaths = (
				"${PODS_PODFILE_DIR_PATH}/Podfile.lock",
				"${PODS_ROOT}/Manifest.lock",
			);
			name = "[CP] Check Pods Manifest.lock";
			outputFileListPaths = (
			);
			outputPaths = (
				"$(DERIVED_FILE_DIR)/Pods-Monreau iOS-checkManifestLockResult.txt",
			);
			runOnlyForDeploymentPostprocessing = 0;
			shellPath = /bin/sh;
			shellScript = "diff \"${PODS_PODFILE_DIR_PATH}/Podfile.lock\" \"${PODS_ROOT}/Manifest.lock\" > /dev/null\nif [ $? != 0 ] ; then\n    # print error to STDERR\n    echo \"error: The sandbox is not in sync with the Podfile.lock. Run 'pod install' or update your CocoaPods installation.\" >&2\n    exit 1\nfi\n# This output is used by Xcode 'outputs' to avoid re-running this script phase.\necho \"SUCCESS\" > \"${SCRIPT_OUTPUT_FILE_0}\"\n";
			showEnvVarsInLog = 0;
		};
		BAD800755546C9DC14D90B47 /* [CP] Check Pods Manifest.lock */ = {
			isa = PBXShellScriptBuildPhase;
			buildActionMask = 2147483647;
			files = (
			);
			inputFileListPaths = (
			);
			inputPaths = (
				"${PODS_PODFILE_DIR_PATH}/Podfile.lock",
				"${PODS_ROOT}/Manifest.lock",
			);
			name = "[CP] Check Pods Manifest.lock";
			outputFileListPaths = (
			);
			outputPaths = (
				"$(DERIVED_FILE_DIR)/Pods-Monreau macOS-checkManifestLockResult.txt",
			);
			runOnlyForDeploymentPostprocessing = 0;
			shellPath = /bin/sh;
			shellScript = "diff \"${PODS_PODFILE_DIR_PATH}/Podfile.lock\" \"${PODS_ROOT}/Manifest.lock\" > /dev/null\nif [ $? != 0 ] ; then\n    # print error to STDERR\n    echo \"error: The sandbox is not in sync with the Podfile.lock. Run 'pod install' or update your CocoaPods installation.\" >&2\n    exit 1\nfi\n# This output is used by Xcode 'outputs' to avoid re-running this script phase.\necho \"SUCCESS\" > \"${SCRIPT_OUTPUT_FILE_0}\"\n";
			showEnvVarsInLog = 0;
		};
		DC8D969CC8A2AB3339278334 /* [CP] Check Pods Manifest.lock */ = {
			isa = PBXShellScriptBuildPhase;
			buildActionMask = 2147483647;
			files = (
			);
			inputFileListPaths = (
			);
			inputPaths = (
				"${PODS_PODFILE_DIR_PATH}/Podfile.lock",
				"${PODS_ROOT}/Manifest.lock",
			);
			name = "[CP] Check Pods Manifest.lock";
			outputFileListPaths = (
			);
			outputPaths = (
				"$(DERIVED_FILE_DIR)/Pods-Monreau tvOS-Monreau tvOS-Tests-checkManifestLockResult.txt",
			);
			runOnlyForDeploymentPostprocessing = 0;
			shellPath = /bin/sh;
			shellScript = "diff \"${PODS_PODFILE_DIR_PATH}/Podfile.lock\" \"${PODS_ROOT}/Manifest.lock\" > /dev/null\nif [ $? != 0 ] ; then\n    # print error to STDERR\n    echo \"error: The sandbox is not in sync with the Podfile.lock. Run 'pod install' or update your CocoaPods installation.\" >&2\n    exit 1\nfi\n# This output is used by Xcode 'outputs' to avoid re-running this script phase.\necho \"SUCCESS\" > \"${SCRIPT_OUTPUT_FILE_0}\"\n";
			showEnvVarsInLog = 0;
		};
/* End PBXShellScriptBuildPhase section */

/* Begin PBXSourcesBuildPhase section */
		3331E6AF1F0D0D80007BE883 /* Sources */ = {
			isa = PBXSourcesBuildPhase;
			buildActionMask = 2147483647;
			files = (
				3308FF682343AEBF002786A2 /* MonreauCoreTests.swift in Sources */,
				3342EFDC23475F3900DAB099 /* MonreauRealmTests.swift in Sources */,
			);
			runOnlyForDeploymentPostprocessing = 0;
		};
		3331E6BE1F0D0D8C007BE883 /* Sources */ = {
			isa = PBXSourcesBuildPhase;
			buildActionMask = 2147483647;
			files = (
				3308FF672343AEBE002786A2 /* MonreauCoreTests.swift in Sources */,
				3342EFDB23475F3800DAB099 /* MonreauRealmTests.swift in Sources */,
			);
			runOnlyForDeploymentPostprocessing = 0;
		};
		3331E6CD1F0D0DA1007BE883 /* Sources */ = {
			isa = PBXSourcesBuildPhase;
			buildActionMask = 2147483647;
			files = (
				3308FF662343AEBE002786A2 /* MonreauCoreTests.swift in Sources */,
				3342EFDA23475F3800DAB099 /* MonreauRealmTests.swift in Sources */,
			);
			runOnlyForDeploymentPostprocessing = 0;
		};
		3358A85D1F0C037100D4BD9C /* Sources */ = {
			isa = PBXSourcesBuildPhase;
			buildActionMask = 2147483647;
			files = (
				3358A8C21F0C06BD00D4BD9C /* Predicate.swift in Sources */,
				331D043E1FB8AEFD004EF879 /* UserRealmObject.swift in Sources */,
				3358B6A31F1AAC9200CBD8CF /* CoreStorage.swift in Sources */,
				331D042E1FB86ECD004EF879 /* Cascadable.swift in Sources */,
				331D04371FB8AE16004EF879 /* Object.swift in Sources */,
				331D04291FB84FAD004EF879 /* RealmStorage.swift in Sources */,
				3358B69E1F1A759C00CBD8CF /* CoreDataConfigurator.swift in Sources */,
				3331E6F91F0D22C1007BE883 /* UserCoreDataObject.swift in Sources */,
				3358A8C31F0C06BD00D4BD9C /* NSManagedObject.swift in Sources */,
				3358A8C11F0C06BD00D4BD9C /* String.swift in Sources */,
				3378F7D71FB83B6A00CF60DF /* RealmConfiguration.swift in Sources */,
				336041331F17C7470038BE3C /* CoreStorageConfig.swift in Sources */,
				3358A8C51F0C06BD00D4BD9C /* Storage.swift in Sources */,
				3358A8C41F0C06BD00D4BD9C /* Storable.swift in Sources */,
				3358A8BF1F0C06BD00D4BD9C /* SortDescriptor.swift in Sources */,
				336041351F17C7FA0038BE3C /* CoreStorageType.swift in Sources */,
				3331E6F51F0D13EE007BE883 /* Monreau.xcdatamodeld in Sources */,
			);
			runOnlyForDeploymentPostprocessing = 0;
		};
		3358A86A1F0C038400D4BD9C /* Sources */ = {
			isa = PBXSourcesBuildPhase;
			buildActionMask = 2147483647;
			files = (
				331D04331FB8AD6A004EF879 /* Cascadable.swift in Sources */,
				3331E6AB1F0CFCBB007BE883 /* Predicate.swift in Sources */,
				331D043D1FB8AEFC004EF879 /* UserRealmObject.swift in Sources */,
				33318CFA1F1BDEDA00F27BC7 /* CoreStorage.swift in Sources */,
				331D04381FB8AE16004EF879 /* Object.swift in Sources */,
				331D042C1FB85016004EF879 /* RealmStorage.swift in Sources */,
				3358B69F1F1A759C00CBD8CF /* CoreDataConfigurator.swift in Sources */,
				3331E6F81F0D22C0007BE883 /* UserCoreDataObject.swift in Sources */,
				3331E6AC1F0CFCBB007BE883 /* NSManagedObject.swift in Sources */,
				3331E6AA1F0CFCBB007BE883 /* String.swift in Sources */,
				3378F7D81FB83C6900CF60DF /* RealmConfiguration.swift in Sources */,
				3360413A1F17C82E0038BE3C /* CoreStorageConfig.swift in Sources */,
				3331E6AE1F0CFCBB007BE883 /* Storage.swift in Sources */,
				3331E6AD1F0CFCBB007BE883 /* Storable.swift in Sources */,
				3331E6A81F0CFCBB007BE883 /* SortDescriptor.swift in Sources */,
				3360413B1F17C82E0038BE3C /* CoreStorageType.swift in Sources */,
				3331E6F41F0D13EE007BE883 /* Monreau.xcdatamodeld in Sources */,
			);
			runOnlyForDeploymentPostprocessing = 0;
		};
		3358A8841F0C039D00D4BD9C /* Sources */ = {
			isa = PBXSourcesBuildPhase;
			buildActionMask = 2147483647;
			files = (
				331D04341FB8AD6A004EF879 /* Cascadable.swift in Sources */,
				3331E6A21F0CFCBB007BE883 /* Predicate.swift in Sources */,
				331D043C1FB8AEFC004EF879 /* UserRealmObject.swift in Sources */,
				33318CFB1F1BDEDA00F27BC7 /* CoreStorage.swift in Sources */,
				331D04391FB8AE16004EF879 /* Object.swift in Sources */,
				331D042B1FB85016004EF879 /* RealmStorage.swift in Sources */,
				3358B6A01F1A759C00CBD8CF /* CoreDataConfigurator.swift in Sources */,
				3331E6F71F0D22C0007BE883 /* UserCoreDataObject.swift in Sources */,
				3331E6A31F0CFCBB007BE883 /* NSManagedObject.swift in Sources */,
				3331E6A11F0CFCBB007BE883 /* String.swift in Sources */,
				3378F7D91FB83C6900CF60DF /* RealmConfiguration.swift in Sources */,
				336041381F17C82D0038BE3C /* CoreStorageConfig.swift in Sources */,
				3331E6A51F0CFCBB007BE883 /* Storage.swift in Sources */,
				3331E6A41F0CFCBB007BE883 /* Storable.swift in Sources */,
				3331E69F1F0CFCBB007BE883 /* SortDescriptor.swift in Sources */,
				336041391F17C82D0038BE3C /* CoreStorageType.swift in Sources */,
				3331E6F31F0D13ED007BE883 /* Monreau.xcdatamodeld in Sources */,
			);
			runOnlyForDeploymentPostprocessing = 0;
		};
		3358A8911F0C03A800D4BD9C /* Sources */ = {
			isa = PBXSourcesBuildPhase;
			buildActionMask = 2147483647;
			files = (
				331D04351FB8AD6A004EF879 /* Cascadable.swift in Sources */,
				3331E6991F0CFCBA007BE883 /* Predicate.swift in Sources */,
				331D043B1FB8AEFB004EF879 /* UserRealmObject.swift in Sources */,
				33318CFC1F1BDEDB00F27BC7 /* CoreStorage.swift in Sources */,
				331D043A1FB8AE16004EF879 /* Object.swift in Sources */,
				331D042A1FB85015004EF879 /* RealmStorage.swift in Sources */,
				3358B6A11F1A759C00CBD8CF /* CoreDataConfigurator.swift in Sources */,
				3331E6F61F0D22C0007BE883 /* UserCoreDataObject.swift in Sources */,
				3331E69A1F0CFCBA007BE883 /* NSManagedObject.swift in Sources */,
				3331E6981F0CFCBA007BE883 /* String.swift in Sources */,
				3378F7DA1FB83C6900CF60DF /* RealmConfiguration.swift in Sources */,
				336041361F17C82D0038BE3C /* CoreStorageConfig.swift in Sources */,
				3331E69C1F0CFCBA007BE883 /* Storage.swift in Sources */,
				3331E69B1F0CFCBA007BE883 /* Storable.swift in Sources */,
				3331E6961F0CFCBA007BE883 /* SortDescriptor.swift in Sources */,
				336041371F17C82D0038BE3C /* CoreStorageType.swift in Sources */,
				3331E6F21F0D13ED007BE883 /* Monreau.xcdatamodeld in Sources */,
			);
			runOnlyForDeploymentPostprocessing = 0;
		};
/* End PBXSourcesBuildPhase section */

/* Begin PBXTargetDependency section */
		3331E6BA1F0D0D80007BE883 /* PBXTargetDependency */ = {
			isa = PBXTargetDependency;
			target = 3358A8951F0C03A800D4BD9C /* Monreau macOS */;
			targetProxy = 3331E6B91F0D0D80007BE883 /* PBXContainerItemProxy */;
		};
		3331E6C91F0D0D8C007BE883 /* PBXTargetDependency */ = {
			isa = PBXTargetDependency;
			target = 3358A8881F0C039D00D4BD9C /* Monreau tvOS */;
			targetProxy = 3331E6C81F0D0D8C007BE883 /* PBXContainerItemProxy */;
		};
		3331E6D81F0D0DA1007BE883 /* PBXTargetDependency */ = {
			isa = PBXTargetDependency;
			target = 3358A8611F0C037100D4BD9C /* Monreau iOS */;
			targetProxy = 3331E6D71F0D0DA1007BE883 /* PBXContainerItemProxy */;
		};
/* End PBXTargetDependency section */

/* Begin XCBuildConfiguration section */
		3331E6BC1F0D0D80007BE883 /* Debug */ = {
			isa = XCBuildConfiguration;
			baseConfigurationReference = 4C5721E102F2307F7BB6C994 /* Pods-Monreau macOS-Monreau macOS-Tests.debug.xcconfig */;
			buildSettings = {
				ALWAYS_SEARCH_USER_PATHS = NO;
				CLANG_ANALYZER_NONNULL = YES;
				CLANG_ANALYZER_NUMBER_OBJECT_CONVERSION = YES_AGGRESSIVE;
				CLANG_CXX_LANGUAGE_STANDARD = "gnu++0x";
				CLANG_CXX_LIBRARY = "libc++";
				CLANG_ENABLE_MODULES = YES;
				CLANG_ENABLE_OBJC_ARC = YES;
				CLANG_WARN_BOOL_CONVERSION = YES;
				CLANG_WARN_CONSTANT_CONVERSION = YES;
				CLANG_WARN_DIRECT_OBJC_ISA_USAGE = YES_ERROR;
				CLANG_WARN_DOCUMENTATION_COMMENTS = YES;
				CLANG_WARN_EMPTY_BODY = YES;
				CLANG_WARN_ENUM_CONVERSION = YES;
				CLANG_WARN_INFINITE_RECURSION = YES;
				CLANG_WARN_INT_CONVERSION = YES;
				CLANG_WARN_OBJC_ROOT_CLASS = YES_ERROR;
				CLANG_WARN_SUSPICIOUS_MOVE = YES;
				CLANG_WARN_UNREACHABLE_CODE = YES;
				CLANG_WARN__DUPLICATE_METHOD_MATCH = YES;
				CODE_SIGN_IDENTITY = "Apple Development";
				CODE_SIGN_STYLE = Automatic;
				COMBINE_HIDPI_IMAGES = YES;
				COPY_PHASE_STRIP = NO;
				DEBUG_INFORMATION_FORMAT = dwarf;
				DEVELOPMENT_TEAM = 7Q8EP54N3L;
				ENABLE_STRICT_OBJC_MSGSEND = YES;
				ENABLE_TESTABILITY = YES;
				GCC_C_LANGUAGE_STANDARD = gnu99;
				GCC_DYNAMIC_NO_PIC = NO;
				GCC_NO_COMMON_BLOCKS = YES;
				GCC_OPTIMIZATION_LEVEL = 0;
				GCC_PREPROCESSOR_DEFINITIONS = (
					"DEBUG=1",
					"$(inherited)",
				);
				GCC_WARN_64_TO_32_BIT_CONVERSION = YES;
				GCC_WARN_ABOUT_RETURN_TYPE = YES_ERROR;
				GCC_WARN_UNDECLARED_SELECTOR = YES;
				GCC_WARN_UNINITIALIZED_AUTOS = YES_AGGRESSIVE;
				GCC_WARN_UNUSED_FUNCTION = YES;
				GCC_WARN_UNUSED_VARIABLE = YES;
				INFOPLIST_FILE = Tests/MonreauTests/Info.plist;
				LD_RUNPATH_SEARCH_PATHS = "$(inherited) @executable_path/../Frameworks @loader_path/../Frameworks";
				MACOSX_DEPLOYMENT_TARGET = 10.12;
				MTL_ENABLE_DEBUG_INFO = YES;
				ONLY_ACTIVE_ARCH = YES;
				PRODUCT_BUNDLE_IDENTIFIER = "com.incetro.Monreau-macOS-Tests";
				PRODUCT_NAME = "$(TARGET_NAME)";
				PROVISIONING_PROFILE_SPECIFIER = "";
				SDKROOT = macosx;
				SWIFT_ACTIVE_COMPILATION_CONDITIONS = DEBUG;
				SWIFT_OPTIMIZATION_LEVEL = "-Onone";
				SWIFT_SWIFT3_OBJC_INFERENCE = Default;
				SWIFT_VERSION = 5.0;
			};
			name = Debug;
		};
		3331E6BD1F0D0D80007BE883 /* Release */ = {
			isa = XCBuildConfiguration;
			baseConfigurationReference = 1322F05DA12CF37B77B84BE9 /* Pods-Monreau macOS-Monreau macOS-Tests.release.xcconfig */;
			buildSettings = {
				ALWAYS_SEARCH_USER_PATHS = NO;
				CLANG_ANALYZER_NONNULL = YES;
				CLANG_ANALYZER_NUMBER_OBJECT_CONVERSION = YES_AGGRESSIVE;
				CLANG_CXX_LANGUAGE_STANDARD = "gnu++0x";
				CLANG_CXX_LIBRARY = "libc++";
				CLANG_ENABLE_MODULES = YES;
				CLANG_ENABLE_OBJC_ARC = YES;
				CLANG_WARN_BOOL_CONVERSION = YES;
				CLANG_WARN_CONSTANT_CONVERSION = YES;
				CLANG_WARN_DIRECT_OBJC_ISA_USAGE = YES_ERROR;
				CLANG_WARN_DOCUMENTATION_COMMENTS = YES;
				CLANG_WARN_EMPTY_BODY = YES;
				CLANG_WARN_ENUM_CONVERSION = YES;
				CLANG_WARN_INFINITE_RECURSION = YES;
				CLANG_WARN_INT_CONVERSION = YES;
				CLANG_WARN_OBJC_ROOT_CLASS = YES_ERROR;
				CLANG_WARN_SUSPICIOUS_MOVE = YES;
				CLANG_WARN_UNREACHABLE_CODE = YES;
				CLANG_WARN__DUPLICATE_METHOD_MATCH = YES;
				CODE_SIGN_IDENTITY = "Apple Development";
				CODE_SIGN_STYLE = Automatic;
				COMBINE_HIDPI_IMAGES = YES;
				COPY_PHASE_STRIP = NO;
				DEBUG_INFORMATION_FORMAT = "dwarf-with-dsym";
				DEVELOPMENT_TEAM = 7Q8EP54N3L;
				ENABLE_NS_ASSERTIONS = NO;
				ENABLE_STRICT_OBJC_MSGSEND = YES;
				GCC_C_LANGUAGE_STANDARD = gnu99;
				GCC_NO_COMMON_BLOCKS = YES;
				GCC_WARN_64_TO_32_BIT_CONVERSION = YES;
				GCC_WARN_ABOUT_RETURN_TYPE = YES_ERROR;
				GCC_WARN_UNDECLARED_SELECTOR = YES;
				GCC_WARN_UNINITIALIZED_AUTOS = YES_AGGRESSIVE;
				GCC_WARN_UNUSED_FUNCTION = YES;
				GCC_WARN_UNUSED_VARIABLE = YES;
				INFOPLIST_FILE = Tests/MonreauTests/Info.plist;
				LD_RUNPATH_SEARCH_PATHS = "$(inherited) @executable_path/../Frameworks @loader_path/../Frameworks";
				MACOSX_DEPLOYMENT_TARGET = 10.12;
				MTL_ENABLE_DEBUG_INFO = NO;
				PRODUCT_BUNDLE_IDENTIFIER = "com.incetro.Monreau-macOS-Tests";
				PRODUCT_NAME = "$(TARGET_NAME)";
				PROVISIONING_PROFILE_SPECIFIER = "";
				SDKROOT = macosx;
				SWIFT_OPTIMIZATION_LEVEL = "-Owholemodule";
				SWIFT_SWIFT3_OBJC_INFERENCE = Default;
				SWIFT_VERSION = 5.0;
			};
			name = Release;
		};
		3331E6CB1F0D0D8C007BE883 /* Debug */ = {
			isa = XCBuildConfiguration;
			baseConfigurationReference = 9F091334D831A0AB4A75A52B /* Pods-Monreau tvOS-Monreau tvOS-Tests.debug.xcconfig */;
			buildSettings = {
				ALWAYS_SEARCH_USER_PATHS = NO;
				CLANG_ANALYZER_NONNULL = YES;
				CLANG_ANALYZER_NUMBER_OBJECT_CONVERSION = YES_AGGRESSIVE;
				CLANG_CXX_LANGUAGE_STANDARD = "gnu++0x";
				CLANG_CXX_LIBRARY = "libc++";
				CLANG_ENABLE_MODULES = YES;
				CLANG_ENABLE_OBJC_ARC = YES;
				CLANG_WARN_BOOL_CONVERSION = YES;
				CLANG_WARN_CONSTANT_CONVERSION = YES;
				CLANG_WARN_DIRECT_OBJC_ISA_USAGE = YES_ERROR;
				CLANG_WARN_DOCUMENTATION_COMMENTS = YES;
				CLANG_WARN_EMPTY_BODY = YES;
				CLANG_WARN_ENUM_CONVERSION = YES;
				CLANG_WARN_INFINITE_RECURSION = YES;
				CLANG_WARN_INT_CONVERSION = YES;
				CLANG_WARN_OBJC_ROOT_CLASS = YES_ERROR;
				CLANG_WARN_SUSPICIOUS_MOVE = YES;
				CLANG_WARN_UNREACHABLE_CODE = YES;
				CLANG_WARN__DUPLICATE_METHOD_MATCH = YES;
				CODE_SIGN_IDENTITY = "Apple Development";
				CODE_SIGN_STYLE = Automatic;
				COPY_PHASE_STRIP = NO;
				DEBUG_INFORMATION_FORMAT = dwarf;
				DEVELOPMENT_TEAM = 7Q8EP54N3L;
				ENABLE_STRICT_OBJC_MSGSEND = YES;
				ENABLE_TESTABILITY = YES;
				GCC_C_LANGUAGE_STANDARD = gnu99;
				GCC_DYNAMIC_NO_PIC = NO;
				GCC_NO_COMMON_BLOCKS = YES;
				GCC_OPTIMIZATION_LEVEL = 0;
				GCC_PREPROCESSOR_DEFINITIONS = (
					"DEBUG=1",
					"$(inherited)",
				);
				GCC_WARN_64_TO_32_BIT_CONVERSION = YES;
				GCC_WARN_ABOUT_RETURN_TYPE = YES_ERROR;
				GCC_WARN_UNDECLARED_SELECTOR = YES;
				GCC_WARN_UNINITIALIZED_AUTOS = YES_AGGRESSIVE;
				GCC_WARN_UNUSED_FUNCTION = YES;
				GCC_WARN_UNUSED_VARIABLE = YES;
				INFOPLIST_FILE = Tests/MonreauTests/Info.plist;
				LD_RUNPATH_SEARCH_PATHS = "$(inherited) @executable_path/Frameworks @loader_path/Frameworks";
				MTL_ENABLE_DEBUG_INFO = YES;
				ONLY_ACTIVE_ARCH = YES;
				PRODUCT_BUNDLE_IDENTIFIER = "com.incetro.Monreau-tvOS-Tests";
				PRODUCT_NAME = "$(TARGET_NAME)";
				PROVISIONING_PROFILE_SPECIFIER = "";
				SDKROOT = appletvos;
				SWIFT_ACTIVE_COMPILATION_CONDITIONS = DEBUG;
				SWIFT_OPTIMIZATION_LEVEL = "-Onone";
				SWIFT_SWIFT3_OBJC_INFERENCE = Default;
				SWIFT_VERSION = 5.0;
				TVOS_DEPLOYMENT_TARGET = 12.0;
			};
			name = Debug;
		};
		3331E6CC1F0D0D8C007BE883 /* Release */ = {
			isa = XCBuildConfiguration;
			baseConfigurationReference = 40EF270E5E57D6454484E98B /* Pods-Monreau tvOS-Monreau tvOS-Tests.release.xcconfig */;
			buildSettings = {
				ALWAYS_SEARCH_USER_PATHS = NO;
				CLANG_ANALYZER_NONNULL = YES;
				CLANG_ANALYZER_NUMBER_OBJECT_CONVERSION = YES_AGGRESSIVE;
				CLANG_CXX_LANGUAGE_STANDARD = "gnu++0x";
				CLANG_CXX_LIBRARY = "libc++";
				CLANG_ENABLE_MODULES = YES;
				CLANG_ENABLE_OBJC_ARC = YES;
				CLANG_WARN_BOOL_CONVERSION = YES;
				CLANG_WARN_CONSTANT_CONVERSION = YES;
				CLANG_WARN_DIRECT_OBJC_ISA_USAGE = YES_ERROR;
				CLANG_WARN_DOCUMENTATION_COMMENTS = YES;
				CLANG_WARN_EMPTY_BODY = YES;
				CLANG_WARN_ENUM_CONVERSION = YES;
				CLANG_WARN_INFINITE_RECURSION = YES;
				CLANG_WARN_INT_CONVERSION = YES;
				CLANG_WARN_OBJC_ROOT_CLASS = YES_ERROR;
				CLANG_WARN_SUSPICIOUS_MOVE = YES;
				CLANG_WARN_UNREACHABLE_CODE = YES;
				CLANG_WARN__DUPLICATE_METHOD_MATCH = YES;
				CODE_SIGN_IDENTITY = "Apple Development";
				CODE_SIGN_STYLE = Automatic;
				COPY_PHASE_STRIP = NO;
				DEBUG_INFORMATION_FORMAT = "dwarf-with-dsym";
				DEVELOPMENT_TEAM = 7Q8EP54N3L;
				ENABLE_NS_ASSERTIONS = NO;
				ENABLE_STRICT_OBJC_MSGSEND = YES;
				GCC_C_LANGUAGE_STANDARD = gnu99;
				GCC_NO_COMMON_BLOCKS = YES;
				GCC_WARN_64_TO_32_BIT_CONVERSION = YES;
				GCC_WARN_ABOUT_RETURN_TYPE = YES_ERROR;
				GCC_WARN_UNDECLARED_SELECTOR = YES;
				GCC_WARN_UNINITIALIZED_AUTOS = YES_AGGRESSIVE;
				GCC_WARN_UNUSED_FUNCTION = YES;
				GCC_WARN_UNUSED_VARIABLE = YES;
				INFOPLIST_FILE = Tests/MonreauTests/Info.plist;
				LD_RUNPATH_SEARCH_PATHS = "$(inherited) @executable_path/Frameworks @loader_path/Frameworks";
				MTL_ENABLE_DEBUG_INFO = NO;
				PRODUCT_BUNDLE_IDENTIFIER = "com.incetro.Monreau-tvOS-Tests";
				PRODUCT_NAME = "$(TARGET_NAME)";
				PROVISIONING_PROFILE_SPECIFIER = "";
				SDKROOT = appletvos;
				SWIFT_OPTIMIZATION_LEVEL = "-Owholemodule";
				SWIFT_SWIFT3_OBJC_INFERENCE = Default;
				SWIFT_VERSION = 5.0;
				TVOS_DEPLOYMENT_TARGET = 12.0;
				VALIDATE_PRODUCT = YES;
			};
			name = Release;
		};
		3331E6DA1F0D0DA1007BE883 /* Debug */ = {
			isa = XCBuildConfiguration;
			baseConfigurationReference = 687B6ED0ACF45E8B7709C22A /* Pods-Monreau iOS-Monreau iOS-Tests.debug.xcconfig */;
			buildSettings = {
				ALWAYS_SEARCH_USER_PATHS = NO;
				CLANG_ANALYZER_NONNULL = YES;
				CLANG_ANALYZER_NUMBER_OBJECT_CONVERSION = YES_AGGRESSIVE;
				CLANG_CXX_LANGUAGE_STANDARD = "gnu++0x";
				CLANG_CXX_LIBRARY = "libc++";
				CLANG_ENABLE_MODULES = YES;
				CLANG_ENABLE_OBJC_ARC = YES;
				CLANG_WARN_BOOL_CONVERSION = YES;
				CLANG_WARN_CONSTANT_CONVERSION = YES;
				CLANG_WARN_DIRECT_OBJC_ISA_USAGE = YES_ERROR;
				CLANG_WARN_DOCUMENTATION_COMMENTS = YES;
				CLANG_WARN_EMPTY_BODY = YES;
				CLANG_WARN_ENUM_CONVERSION = YES;
				CLANG_WARN_INFINITE_RECURSION = YES;
				CLANG_WARN_INT_CONVERSION = YES;
				CLANG_WARN_OBJC_ROOT_CLASS = YES_ERROR;
				CLANG_WARN_SUSPICIOUS_MOVE = YES;
				CLANG_WARN_UNREACHABLE_CODE = YES;
				CLANG_WARN__DUPLICATE_METHOD_MATCH = YES;
				CODE_SIGN_IDENTITY = "Apple Development";
				"CODE_SIGN_IDENTITY[sdk=iphoneos*]" = "iPhone Developer";
				"CODE_SIGN_IDENTITY[sdk=macosx*]" = "Apple Development";
				CODE_SIGN_STYLE = Automatic;
				COPY_PHASE_STRIP = NO;
				DEBUG_INFORMATION_FORMAT = dwarf;
				DEVELOPMENT_TEAM = 7Q8EP54N3L;
				ENABLE_STRICT_OBJC_MSGSEND = YES;
				ENABLE_TESTABILITY = YES;
				GCC_C_LANGUAGE_STANDARD = gnu99;
				GCC_DYNAMIC_NO_PIC = NO;
				GCC_NO_COMMON_BLOCKS = YES;
				GCC_OPTIMIZATION_LEVEL = 0;
				GCC_PREPROCESSOR_DEFINITIONS = (
					"DEBUG=1",
					"$(inherited)",
				);
				GCC_WARN_64_TO_32_BIT_CONVERSION = YES;
				GCC_WARN_ABOUT_RETURN_TYPE = YES_ERROR;
				GCC_WARN_UNDECLARED_SELECTOR = YES;
				GCC_WARN_UNINITIALIZED_AUTOS = YES_AGGRESSIVE;
				GCC_WARN_UNUSED_FUNCTION = YES;
				GCC_WARN_UNUSED_VARIABLE = YES;
				INFOPLIST_FILE = Tests/MonreauTests/Info.plist;
				IPHONEOS_DEPLOYMENT_TARGET = 12.0;
				LD_RUNPATH_SEARCH_PATHS = "$(inherited) @executable_path/Frameworks @loader_path/Frameworks";
				MTL_ENABLE_DEBUG_INFO = YES;
				ONLY_ACTIVE_ARCH = YES;
				PRODUCT_BUNDLE_IDENTIFIER = "com.incetro.Monreau-iOS-Tests";
				PRODUCT_NAME = "$(TARGET_NAME)";
				PROVISIONING_PROFILE_SPECIFIER = "";
				"PROVISIONING_PROFILE_SPECIFIER[sdk=macosx*]" = "";
				SDKROOT = iphoneos;
				SWIFT_ACTIVE_COMPILATION_CONDITIONS = DEBUG;
				SWIFT_OPTIMIZATION_LEVEL = "-Onone";
				SWIFT_SWIFT3_OBJC_INFERENCE = Default;
				SWIFT_VERSION = 5.0;
			};
			name = Debug;
		};
		3331E6DB1F0D0DA1007BE883 /* Release */ = {
			isa = XCBuildConfiguration;
			baseConfigurationReference = 751360C0B0374CD4A04D8D9D /* Pods-Monreau iOS-Monreau iOS-Tests.release.xcconfig */;
			buildSettings = {
				ALWAYS_SEARCH_USER_PATHS = NO;
				CLANG_ANALYZER_NONNULL = YES;
				CLANG_ANALYZER_NUMBER_OBJECT_CONVERSION = YES_AGGRESSIVE;
				CLANG_CXX_LANGUAGE_STANDARD = "gnu++0x";
				CLANG_CXX_LIBRARY = "libc++";
				CLANG_ENABLE_MODULES = YES;
				CLANG_ENABLE_OBJC_ARC = YES;
				CLANG_WARN_BOOL_CONVERSION = YES;
				CLANG_WARN_CONSTANT_CONVERSION = YES;
				CLANG_WARN_DIRECT_OBJC_ISA_USAGE = YES_ERROR;
				CLANG_WARN_DOCUMENTATION_COMMENTS = YES;
				CLANG_WARN_EMPTY_BODY = YES;
				CLANG_WARN_ENUM_CONVERSION = YES;
				CLANG_WARN_INFINITE_RECURSION = YES;
				CLANG_WARN_INT_CONVERSION = YES;
				CLANG_WARN_OBJC_ROOT_CLASS = YES_ERROR;
				CLANG_WARN_SUSPICIOUS_MOVE = YES;
				CLANG_WARN_UNREACHABLE_CODE = YES;
				CLANG_WARN__DUPLICATE_METHOD_MATCH = YES;
				CODE_SIGN_IDENTITY = "Apple Development";
				"CODE_SIGN_IDENTITY[sdk=iphoneos*]" = "iPhone Developer";
				"CODE_SIGN_IDENTITY[sdk=macosx*]" = "Apple Development";
				CODE_SIGN_STYLE = Automatic;
				COPY_PHASE_STRIP = NO;
				DEBUG_INFORMATION_FORMAT = "dwarf-with-dsym";
				DEVELOPMENT_TEAM = 7Q8EP54N3L;
				ENABLE_NS_ASSERTIONS = NO;
				ENABLE_STRICT_OBJC_MSGSEND = YES;
				GCC_C_LANGUAGE_STANDARD = gnu99;
				GCC_NO_COMMON_BLOCKS = YES;
				GCC_WARN_64_TO_32_BIT_CONVERSION = YES;
				GCC_WARN_ABOUT_RETURN_TYPE = YES_ERROR;
				GCC_WARN_UNDECLARED_SELECTOR = YES;
				GCC_WARN_UNINITIALIZED_AUTOS = YES_AGGRESSIVE;
				GCC_WARN_UNUSED_FUNCTION = YES;
				GCC_WARN_UNUSED_VARIABLE = YES;
				INFOPLIST_FILE = Tests/MonreauTests/Info.plist;
				IPHONEOS_DEPLOYMENT_TARGET = 12.0;
				LD_RUNPATH_SEARCH_PATHS = "$(inherited) @executable_path/Frameworks @loader_path/Frameworks";
				MTL_ENABLE_DEBUG_INFO = NO;
				PRODUCT_BUNDLE_IDENTIFIER = "com.incetro.Monreau-iOS-Tests";
				PRODUCT_NAME = "$(TARGET_NAME)";
				PROVISIONING_PROFILE_SPECIFIER = "";
				"PROVISIONING_PROFILE_SPECIFIER[sdk=macosx*]" = "";
				SDKROOT = iphoneos;
				SWIFT_OPTIMIZATION_LEVEL = "-Owholemodule";
				SWIFT_SWIFT3_OBJC_INFERENCE = Default;
				SWIFT_VERSION = 5.0;
				VALIDATE_PRODUCT = YES;
			};
			name = Release;
		};
		3358A84D1F0C035800D4BD9C /* Debug */ = {
			isa = XCBuildConfiguration;
			buildSettings = {
				CLANG_ANALYZER_LOCALIZABILITY_NONLOCALIZED = YES;
				CLANG_WARN_BLOCK_CAPTURE_AUTORELEASING = YES;
				CLANG_WARN_BOOL_CONVERSION = YES;
				CLANG_WARN_COMMA = YES;
				CLANG_WARN_CONSTANT_CONVERSION = YES;
				CLANG_WARN_DEPRECATED_OBJC_IMPLEMENTATIONS = YES;
				CLANG_WARN_EMPTY_BODY = YES;
				CLANG_WARN_ENUM_CONVERSION = YES;
				CLANG_WARN_INFINITE_RECURSION = YES;
				CLANG_WARN_INT_CONVERSION = YES;
				CLANG_WARN_NON_LITERAL_NULL_CONVERSION = YES;
				CLANG_WARN_OBJC_IMPLICIT_RETAIN_SELF = YES;
				CLANG_WARN_OBJC_LITERAL_CONVERSION = YES;
				CLANG_WARN_QUOTED_INCLUDE_IN_FRAMEWORK_HEADER = YES;
				CLANG_WARN_RANGE_LOOP_ANALYSIS = YES;
				CLANG_WARN_STRICT_PROTOTYPES = YES;
				CLANG_WARN_SUSPICIOUS_MOVE = YES;
				CLANG_WARN_UNREACHABLE_CODE = YES;
				CLANG_WARN__DUPLICATE_METHOD_MATCH = YES;
				ENABLE_STRICT_OBJC_MSGSEND = YES;
				ENABLE_TESTABILITY = YES;
				EXCLUDED_ARCHS = "";
				"EXCLUDED_ARCHS[sdk=iphonesimulator*]" = arm64;
				GCC_NO_COMMON_BLOCKS = YES;
				GCC_WARN_64_TO_32_BIT_CONVERSION = YES;
				GCC_WARN_ABOUT_RETURN_TYPE = YES;
				GCC_WARN_UNDECLARED_SELECTOR = YES;
				GCC_WARN_UNINITIALIZED_AUTOS = YES;
				GCC_WARN_UNUSED_FUNCTION = YES;
				GCC_WARN_UNUSED_VARIABLE = YES;
				IPHONEOS_DEPLOYMENT_TARGET = 12.0;
				MACOSX_DEPLOYMENT_TARGET = 10.15;
				ONLY_ACTIVE_ARCH = YES;
				SWIFT_VERSION = "";
			};
			name = Debug;
		};
		3358A84E1F0C035800D4BD9C /* Release */ = {
			isa = XCBuildConfiguration;
			buildSettings = {
				CLANG_ANALYZER_LOCALIZABILITY_NONLOCALIZED = YES;
				CLANG_WARN_BLOCK_CAPTURE_AUTORELEASING = YES;
				CLANG_WARN_BOOL_CONVERSION = YES;
				CLANG_WARN_COMMA = YES;
				CLANG_WARN_CONSTANT_CONVERSION = YES;
				CLANG_WARN_DEPRECATED_OBJC_IMPLEMENTATIONS = YES;
				CLANG_WARN_EMPTY_BODY = YES;
				CLANG_WARN_ENUM_CONVERSION = YES;
				CLANG_WARN_INFINITE_RECURSION = YES;
				CLANG_WARN_INT_CONVERSION = YES;
				CLANG_WARN_NON_LITERAL_NULL_CONVERSION = YES;
				CLANG_WARN_OBJC_IMPLICIT_RETAIN_SELF = YES;
				CLANG_WARN_OBJC_LITERAL_CONVERSION = YES;
				CLANG_WARN_QUOTED_INCLUDE_IN_FRAMEWORK_HEADER = YES;
				CLANG_WARN_RANGE_LOOP_ANALYSIS = YES;
				CLANG_WARN_STRICT_PROTOTYPES = YES;
				CLANG_WARN_SUSPICIOUS_MOVE = YES;
				CLANG_WARN_UNREACHABLE_CODE = YES;
				CLANG_WARN__DUPLICATE_METHOD_MATCH = YES;
				ENABLE_STRICT_OBJC_MSGSEND = YES;
				EXCLUDED_ARCHS = "";
				"EXCLUDED_ARCHS[sdk=iphonesimulator*]" = arm64;
				GCC_NO_COMMON_BLOCKS = YES;
				GCC_WARN_64_TO_32_BIT_CONVERSION = YES;
				GCC_WARN_ABOUT_RETURN_TYPE = YES;
				GCC_WARN_UNDECLARED_SELECTOR = YES;
				GCC_WARN_UNINITIALIZED_AUTOS = YES;
				GCC_WARN_UNUSED_FUNCTION = YES;
				GCC_WARN_UNUSED_VARIABLE = YES;
				IPHONEOS_DEPLOYMENT_TARGET = 12.0;
				MACOSX_DEPLOYMENT_TARGET = 10.15;
				SWIFT_VERSION = "";
			};
			name = Release;
		};
		3358A8681F0C037100D4BD9C /* Debug */ = {
			isa = XCBuildConfiguration;
			baseConfigurationReference = 00DCE9A0C8A16837736C1F31 /* Pods-Monreau iOS.debug.xcconfig */;
			buildSettings = {
				ALWAYS_SEARCH_USER_PATHS = NO;
				CLANG_ANALYZER_NONNULL = YES;
				CLANG_ANALYZER_NUMBER_OBJECT_CONVERSION = YES_AGGRESSIVE;
				CLANG_CXX_LANGUAGE_STANDARD = "gnu++0x";
				CLANG_CXX_LIBRARY = "libc++";
				CLANG_ENABLE_MODULES = YES;
				CLANG_ENABLE_OBJC_ARC = YES;
				CLANG_WARN_BOOL_CONVERSION = YES;
				CLANG_WARN_CONSTANT_CONVERSION = YES;
				CLANG_WARN_DIRECT_OBJC_ISA_USAGE = YES_ERROR;
				CLANG_WARN_DOCUMENTATION_COMMENTS = YES;
				CLANG_WARN_EMPTY_BODY = YES;
				CLANG_WARN_ENUM_CONVERSION = YES;
				CLANG_WARN_INFINITE_RECURSION = YES;
				CLANG_WARN_INT_CONVERSION = YES;
				CLANG_WARN_OBJC_ROOT_CLASS = YES_ERROR;
				CLANG_WARN_SUSPICIOUS_MOVE = YES;
				CLANG_WARN_UNREACHABLE_CODE = YES;
				CLANG_WARN__DUPLICATE_METHOD_MATCH = YES;
				CODE_SIGN_IDENTITY = "";
				"CODE_SIGN_IDENTITY[sdk=iphoneos*]" = "";
				CODE_SIGN_STYLE = Manual;
				COPY_PHASE_STRIP = NO;
				CURRENT_PROJECT_VERSION = 1;
				DEBUG_INFORMATION_FORMAT = dwarf;
				DEFINES_MODULE = YES;
				DEVELOPMENT_TEAM = "";
				DYLIB_COMPATIBILITY_VERSION = 1;
				DYLIB_CURRENT_VERSION = 1;
				DYLIB_INSTALL_NAME_BASE = "@rpath";
				ENABLE_STRICT_OBJC_MSGSEND = YES;
				ENABLE_TESTABILITY = YES;
				GCC_C_LANGUAGE_STANDARD = gnu99;
				GCC_DYNAMIC_NO_PIC = NO;
				GCC_NO_COMMON_BLOCKS = YES;
				GCC_OPTIMIZATION_LEVEL = 0;
				GCC_PREPROCESSOR_DEFINITIONS = (
					"DEBUG=1",
					"$(inherited)",
				);
				GCC_WARN_64_TO_32_BIT_CONVERSION = YES;
				GCC_WARN_ABOUT_RETURN_TYPE = YES_ERROR;
				GCC_WARN_UNDECLARED_SELECTOR = YES;
				GCC_WARN_UNINITIALIZED_AUTOS = YES_AGGRESSIVE;
				GCC_WARN_UNUSED_FUNCTION = YES;
				GCC_WARN_UNUSED_VARIABLE = YES;
				INFOPLIST_FILE = Sources/Monreau/Supporting/Info.plist;
				INSTALL_PATH = "$(LOCAL_LIBRARY_DIR)/Frameworks";
				IPHONEOS_DEPLOYMENT_TARGET = 12.0;
				LD_RUNPATH_SEARCH_PATHS = "$(inherited) @executable_path/Frameworks @loader_path/Frameworks";
				MTL_ENABLE_DEBUG_INFO = YES;
				ONLY_ACTIVE_ARCH = YES;
				PRODUCT_BUNDLE_IDENTIFIER = com.incetro.Monreau;
				PRODUCT_NAME = Monreau;
				PROVISIONING_PROFILE_SPECIFIER = "";
				"PROVISIONING_PROFILE_SPECIFIER[sdk=macosx*]" = "";
				SDKROOT = iphoneos;
				SKIP_INSTALL = YES;
				SWIFT_ACTIVE_COMPILATION_CONDITIONS = DEBUG;
				SWIFT_OPTIMIZATION_LEVEL = "-Onone";
				SWIFT_VERSION = 5.0;
				TARGETED_DEVICE_FAMILY = "1,2";
				VERSIONING_SYSTEM = "apple-generic";
				VERSION_INFO_PREFIX = "";
			};
			name = Debug;
		};
		3358A8691F0C037100D4BD9C /* Release */ = {
			isa = XCBuildConfiguration;
			baseConfigurationReference = A0A37FB28F26F6D6B4779362 /* Pods-Monreau iOS.release.xcconfig */;
			buildSettings = {
				ALWAYS_SEARCH_USER_PATHS = NO;
				CLANG_ANALYZER_NONNULL = YES;
				CLANG_ANALYZER_NUMBER_OBJECT_CONVERSION = YES_AGGRESSIVE;
				CLANG_CXX_LANGUAGE_STANDARD = "gnu++0x";
				CLANG_CXX_LIBRARY = "libc++";
				CLANG_ENABLE_MODULES = YES;
				CLANG_ENABLE_OBJC_ARC = YES;
				CLANG_WARN_BOOL_CONVERSION = YES;
				CLANG_WARN_CONSTANT_CONVERSION = YES;
				CLANG_WARN_DIRECT_OBJC_ISA_USAGE = YES_ERROR;
				CLANG_WARN_DOCUMENTATION_COMMENTS = YES;
				CLANG_WARN_EMPTY_BODY = YES;
				CLANG_WARN_ENUM_CONVERSION = YES;
				CLANG_WARN_INFINITE_RECURSION = YES;
				CLANG_WARN_INT_CONVERSION = YES;
				CLANG_WARN_OBJC_ROOT_CLASS = YES_ERROR;
				CLANG_WARN_SUSPICIOUS_MOVE = YES;
				CLANG_WARN_UNREACHABLE_CODE = YES;
				CLANG_WARN__DUPLICATE_METHOD_MATCH = YES;
				CODE_SIGN_IDENTITY = "";
				"CODE_SIGN_IDENTITY[sdk=iphoneos*]" = "";
				CODE_SIGN_STYLE = Manual;
				COPY_PHASE_STRIP = NO;
				CURRENT_PROJECT_VERSION = 1;
				DEBUG_INFORMATION_FORMAT = "dwarf-with-dsym";
				DEFINES_MODULE = YES;
				DEVELOPMENT_TEAM = "";
				DYLIB_COMPATIBILITY_VERSION = 1;
				DYLIB_CURRENT_VERSION = 1;
				DYLIB_INSTALL_NAME_BASE = "@rpath";
				ENABLE_NS_ASSERTIONS = NO;
				ENABLE_STRICT_OBJC_MSGSEND = YES;
				GCC_C_LANGUAGE_STANDARD = gnu99;
				GCC_NO_COMMON_BLOCKS = YES;
				GCC_WARN_64_TO_32_BIT_CONVERSION = YES;
				GCC_WARN_ABOUT_RETURN_TYPE = YES_ERROR;
				GCC_WARN_UNDECLARED_SELECTOR = YES;
				GCC_WARN_UNINITIALIZED_AUTOS = YES_AGGRESSIVE;
				GCC_WARN_UNUSED_FUNCTION = YES;
				GCC_WARN_UNUSED_VARIABLE = YES;
				INFOPLIST_FILE = Sources/Monreau/Supporting/Info.plist;
				INSTALL_PATH = "$(LOCAL_LIBRARY_DIR)/Frameworks";
				IPHONEOS_DEPLOYMENT_TARGET = 12.0;
				LD_RUNPATH_SEARCH_PATHS = "$(inherited) @executable_path/Frameworks @loader_path/Frameworks";
				MTL_ENABLE_DEBUG_INFO = NO;
				PRODUCT_BUNDLE_IDENTIFIER = com.incetro.Monreau;
				PRODUCT_NAME = Monreau;
				PROVISIONING_PROFILE_SPECIFIER = "";
				"PROVISIONING_PROFILE_SPECIFIER[sdk=macosx*]" = "";
				SDKROOT = iphoneos;
				SKIP_INSTALL = YES;
				SWIFT_OPTIMIZATION_LEVEL = "-Owholemodule";
				SWIFT_VERSION = 5.0;
				TARGETED_DEVICE_FAMILY = "1,2";
				VALIDATE_PRODUCT = YES;
				VERSIONING_SYSTEM = "apple-generic";
				VERSION_INFO_PREFIX = "";
			};
			name = Release;
		};
		3358A8751F0C038400D4BD9C /* Debug */ = {
			isa = XCBuildConfiguration;
			baseConfigurationReference = C6D72AE903645566D1CE808A /* Pods-Monreau watchOS.debug.xcconfig */;
			buildSettings = {
				ALWAYS_SEARCH_USER_PATHS = NO;
				APPLICATION_EXTENSION_API_ONLY = YES;
				CLANG_ANALYZER_NONNULL = YES;
				CLANG_ANALYZER_NUMBER_OBJECT_CONVERSION = YES_AGGRESSIVE;
				CLANG_CXX_LANGUAGE_STANDARD = "gnu++0x";
				CLANG_CXX_LIBRARY = "libc++";
				CLANG_ENABLE_MODULES = YES;
				CLANG_ENABLE_OBJC_ARC = YES;
				CLANG_WARN_BOOL_CONVERSION = YES;
				CLANG_WARN_CONSTANT_CONVERSION = YES;
				CLANG_WARN_DIRECT_OBJC_ISA_USAGE = YES_ERROR;
				CLANG_WARN_DOCUMENTATION_COMMENTS = YES;
				CLANG_WARN_EMPTY_BODY = YES;
				CLANG_WARN_ENUM_CONVERSION = YES;
				CLANG_WARN_INFINITE_RECURSION = YES;
				CLANG_WARN_INT_CONVERSION = YES;
				CLANG_WARN_OBJC_ROOT_CLASS = YES_ERROR;
				CLANG_WARN_SUSPICIOUS_MOVE = YES;
				CLANG_WARN_UNREACHABLE_CODE = YES;
				CLANG_WARN__DUPLICATE_METHOD_MATCH = YES;
				CODE_SIGN_IDENTITY = "";
				CODE_SIGN_STYLE = Manual;
				COPY_PHASE_STRIP = NO;
				CURRENT_PROJECT_VERSION = 1;
				DEBUG_INFORMATION_FORMAT = dwarf;
				DEFINES_MODULE = YES;
				DEVELOPMENT_TEAM = "";
				DYLIB_COMPATIBILITY_VERSION = 1;
				DYLIB_CURRENT_VERSION = 1;
				DYLIB_INSTALL_NAME_BASE = "@rpath";
				ENABLE_STRICT_OBJC_MSGSEND = YES;
				ENABLE_TESTABILITY = YES;
				GCC_C_LANGUAGE_STANDARD = gnu99;
				GCC_DYNAMIC_NO_PIC = NO;
				GCC_NO_COMMON_BLOCKS = YES;
				GCC_OPTIMIZATION_LEVEL = 0;
				GCC_PREPROCESSOR_DEFINITIONS = (
					"DEBUG=1",
					"$(inherited)",
				);
				GCC_WARN_64_TO_32_BIT_CONVERSION = YES;
				GCC_WARN_ABOUT_RETURN_TYPE = YES_ERROR;
				GCC_WARN_UNDECLARED_SELECTOR = YES;
				GCC_WARN_UNINITIALIZED_AUTOS = YES_AGGRESSIVE;
				GCC_WARN_UNUSED_FUNCTION = YES;
				GCC_WARN_UNUSED_VARIABLE = YES;
				INFOPLIST_FILE = Sources/Monreau/Supporting/Info.plist;
				INSTALL_PATH = "$(LOCAL_LIBRARY_DIR)/Frameworks";
				LD_RUNPATH_SEARCH_PATHS = "$(inherited) @executable_path/Frameworks @loader_path/Frameworks";
				MTL_ENABLE_DEBUG_INFO = YES;
				ONLY_ACTIVE_ARCH = YES;
				PRODUCT_BUNDLE_IDENTIFIER = com.incetro.Monreau;
				PRODUCT_NAME = Monreau;
				PROVISIONING_PROFILE_SPECIFIER = "";
				SDKROOT = watchos;
				SKIP_INSTALL = YES;
				SWIFT_ACTIVE_COMPILATION_CONDITIONS = DEBUG;
				SWIFT_OPTIMIZATION_LEVEL = "-Onone";
				SWIFT_VERSION = 5.0;
				TARGETED_DEVICE_FAMILY = 4;
				VERSIONING_SYSTEM = "apple-generic";
				VERSION_INFO_PREFIX = "";
				WATCHOS_DEPLOYMENT_TARGET = 3.0;
			};
			name = Debug;
		};
		3358A8761F0C038400D4BD9C /* Release */ = {
			isa = XCBuildConfiguration;
			baseConfigurationReference = 073BBC63B5DECEA6893E9141 /* Pods-Monreau watchOS.release.xcconfig */;
			buildSettings = {
				ALWAYS_SEARCH_USER_PATHS = NO;
				APPLICATION_EXTENSION_API_ONLY = YES;
				CLANG_ANALYZER_NONNULL = YES;
				CLANG_ANALYZER_NUMBER_OBJECT_CONVERSION = YES_AGGRESSIVE;
				CLANG_CXX_LANGUAGE_STANDARD = "gnu++0x";
				CLANG_CXX_LIBRARY = "libc++";
				CLANG_ENABLE_MODULES = YES;
				CLANG_ENABLE_OBJC_ARC = YES;
				CLANG_WARN_BOOL_CONVERSION = YES;
				CLANG_WARN_CONSTANT_CONVERSION = YES;
				CLANG_WARN_DIRECT_OBJC_ISA_USAGE = YES_ERROR;
				CLANG_WARN_DOCUMENTATION_COMMENTS = YES;
				CLANG_WARN_EMPTY_BODY = YES;
				CLANG_WARN_ENUM_CONVERSION = YES;
				CLANG_WARN_INFINITE_RECURSION = YES;
				CLANG_WARN_INT_CONVERSION = YES;
				CLANG_WARN_OBJC_ROOT_CLASS = YES_ERROR;
				CLANG_WARN_SUSPICIOUS_MOVE = YES;
				CLANG_WARN_UNREACHABLE_CODE = YES;
				CLANG_WARN__DUPLICATE_METHOD_MATCH = YES;
				CODE_SIGN_IDENTITY = "";
				CODE_SIGN_STYLE = Manual;
				COPY_PHASE_STRIP = NO;
				CURRENT_PROJECT_VERSION = 1;
				DEBUG_INFORMATION_FORMAT = "dwarf-with-dsym";
				DEFINES_MODULE = YES;
				DEVELOPMENT_TEAM = "";
				DYLIB_COMPATIBILITY_VERSION = 1;
				DYLIB_CURRENT_VERSION = 1;
				DYLIB_INSTALL_NAME_BASE = "@rpath";
				ENABLE_NS_ASSERTIONS = NO;
				ENABLE_STRICT_OBJC_MSGSEND = YES;
				GCC_C_LANGUAGE_STANDARD = gnu99;
				GCC_NO_COMMON_BLOCKS = YES;
				GCC_WARN_64_TO_32_BIT_CONVERSION = YES;
				GCC_WARN_ABOUT_RETURN_TYPE = YES_ERROR;
				GCC_WARN_UNDECLARED_SELECTOR = YES;
				GCC_WARN_UNINITIALIZED_AUTOS = YES_AGGRESSIVE;
				GCC_WARN_UNUSED_FUNCTION = YES;
				GCC_WARN_UNUSED_VARIABLE = YES;
				INFOPLIST_FILE = Sources/Monreau/Supporting/Info.plist;
				INSTALL_PATH = "$(LOCAL_LIBRARY_DIR)/Frameworks";
				LD_RUNPATH_SEARCH_PATHS = "$(inherited) @executable_path/Frameworks @loader_path/Frameworks";
				MTL_ENABLE_DEBUG_INFO = NO;
				PRODUCT_BUNDLE_IDENTIFIER = com.incetro.Monreau;
				PRODUCT_NAME = Monreau;
				PROVISIONING_PROFILE_SPECIFIER = "";
				SDKROOT = watchos;
				SKIP_INSTALL = YES;
				SWIFT_OPTIMIZATION_LEVEL = "-Owholemodule";
				SWIFT_VERSION = 5.0;
				TARGETED_DEVICE_FAMILY = 4;
				VALIDATE_PRODUCT = YES;
				VERSIONING_SYSTEM = "apple-generic";
				VERSION_INFO_PREFIX = "";
				WATCHOS_DEPLOYMENT_TARGET = 3.0;
			};
			name = Release;
		};
		3358A88F1F0C039D00D4BD9C /* Debug */ = {
			isa = XCBuildConfiguration;
			baseConfigurationReference = 3577AA37F1E6EBA555C29438 /* Pods-Monreau tvOS.debug.xcconfig */;
			buildSettings = {
				ALWAYS_SEARCH_USER_PATHS = NO;
				CLANG_ANALYZER_NONNULL = YES;
				CLANG_ANALYZER_NUMBER_OBJECT_CONVERSION = YES_AGGRESSIVE;
				CLANG_CXX_LANGUAGE_STANDARD = "gnu++0x";
				CLANG_CXX_LIBRARY = "libc++";
				CLANG_ENABLE_MODULES = YES;
				CLANG_ENABLE_OBJC_ARC = YES;
				CLANG_WARN_BOOL_CONVERSION = YES;
				CLANG_WARN_CONSTANT_CONVERSION = YES;
				CLANG_WARN_DIRECT_OBJC_ISA_USAGE = YES_ERROR;
				CLANG_WARN_DOCUMENTATION_COMMENTS = YES;
				CLANG_WARN_EMPTY_BODY = YES;
				CLANG_WARN_ENUM_CONVERSION = YES;
				CLANG_WARN_INFINITE_RECURSION = YES;
				CLANG_WARN_INT_CONVERSION = YES;
				CLANG_WARN_OBJC_ROOT_CLASS = YES_ERROR;
				CLANG_WARN_SUSPICIOUS_MOVE = YES;
				CLANG_WARN_UNREACHABLE_CODE = YES;
				CLANG_WARN__DUPLICATE_METHOD_MATCH = YES;
				CODE_SIGN_IDENTITY = "";
				CODE_SIGN_STYLE = Manual;
				COPY_PHASE_STRIP = NO;
				CURRENT_PROJECT_VERSION = 1;
				DEBUG_INFORMATION_FORMAT = dwarf;
				DEFINES_MODULE = YES;
				DEVELOPMENT_TEAM = "";
				DYLIB_COMPATIBILITY_VERSION = 1;
				DYLIB_CURRENT_VERSION = 1;
				DYLIB_INSTALL_NAME_BASE = "@rpath";
				ENABLE_STRICT_OBJC_MSGSEND = YES;
				ENABLE_TESTABILITY = YES;
				GCC_C_LANGUAGE_STANDARD = gnu99;
				GCC_DYNAMIC_NO_PIC = NO;
				GCC_NO_COMMON_BLOCKS = YES;
				GCC_OPTIMIZATION_LEVEL = 0;
				GCC_PREPROCESSOR_DEFINITIONS = (
					"DEBUG=1",
					"$(inherited)",
				);
				GCC_WARN_64_TO_32_BIT_CONVERSION = YES;
				GCC_WARN_ABOUT_RETURN_TYPE = YES_ERROR;
				GCC_WARN_UNDECLARED_SELECTOR = YES;
				GCC_WARN_UNINITIALIZED_AUTOS = YES_AGGRESSIVE;
				GCC_WARN_UNUSED_FUNCTION = YES;
				GCC_WARN_UNUSED_VARIABLE = YES;
				INFOPLIST_FILE = Sources/Monreau/Supporting/Info.plist;
				INSTALL_PATH = "$(LOCAL_LIBRARY_DIR)/Frameworks";
				LD_RUNPATH_SEARCH_PATHS = "$(inherited) @executable_path/Frameworks @loader_path/Frameworks";
				MTL_ENABLE_DEBUG_INFO = YES;
				ONLY_ACTIVE_ARCH = YES;
				PRODUCT_BUNDLE_IDENTIFIER = com.incetro.Monreau;
				PRODUCT_NAME = Monreau;
				PROVISIONING_PROFILE_SPECIFIER = "";
				SDKROOT = appletvos;
				SKIP_INSTALL = YES;
				SWIFT_ACTIVE_COMPILATION_CONDITIONS = DEBUG;
				SWIFT_OPTIMIZATION_LEVEL = "-Onone";
				SWIFT_VERSION = 5.0;
				TARGETED_DEVICE_FAMILY = 3;
				TVOS_DEPLOYMENT_TARGET = 12.4;
				VERSIONING_SYSTEM = "apple-generic";
				VERSION_INFO_PREFIX = "";
			};
			name = Debug;
		};
		3358A8901F0C039D00D4BD9C /* Release */ = {
			isa = XCBuildConfiguration;
			baseConfigurationReference = EE5B5FFCE24F9C858C56D753 /* Pods-Monreau tvOS.release.xcconfig */;
			buildSettings = {
				ALWAYS_SEARCH_USER_PATHS = NO;
				CLANG_ANALYZER_NONNULL = YES;
				CLANG_ANALYZER_NUMBER_OBJECT_CONVERSION = YES_AGGRESSIVE;
				CLANG_CXX_LANGUAGE_STANDARD = "gnu++0x";
				CLANG_CXX_LIBRARY = "libc++";
				CLANG_ENABLE_MODULES = YES;
				CLANG_ENABLE_OBJC_ARC = YES;
				CLANG_WARN_BOOL_CONVERSION = YES;
				CLANG_WARN_CONSTANT_CONVERSION = YES;
				CLANG_WARN_DIRECT_OBJC_ISA_USAGE = YES_ERROR;
				CLANG_WARN_DOCUMENTATION_COMMENTS = YES;
				CLANG_WARN_EMPTY_BODY = YES;
				CLANG_WARN_ENUM_CONVERSION = YES;
				CLANG_WARN_INFINITE_RECURSION = YES;
				CLANG_WARN_INT_CONVERSION = YES;
				CLANG_WARN_OBJC_ROOT_CLASS = YES_ERROR;
				CLANG_WARN_SUSPICIOUS_MOVE = YES;
				CLANG_WARN_UNREACHABLE_CODE = YES;
				CLANG_WARN__DUPLICATE_METHOD_MATCH = YES;
				CODE_SIGN_IDENTITY = "";
				CODE_SIGN_STYLE = Manual;
				COPY_PHASE_STRIP = NO;
				CURRENT_PROJECT_VERSION = 1;
				DEBUG_INFORMATION_FORMAT = "dwarf-with-dsym";
				DEFINES_MODULE = YES;
				DEVELOPMENT_TEAM = "";
				DYLIB_COMPATIBILITY_VERSION = 1;
				DYLIB_CURRENT_VERSION = 1;
				DYLIB_INSTALL_NAME_BASE = "@rpath";
				ENABLE_NS_ASSERTIONS = NO;
				ENABLE_STRICT_OBJC_MSGSEND = YES;
				GCC_C_LANGUAGE_STANDARD = gnu99;
				GCC_NO_COMMON_BLOCKS = YES;
				GCC_WARN_64_TO_32_BIT_CONVERSION = YES;
				GCC_WARN_ABOUT_RETURN_TYPE = YES_ERROR;
				GCC_WARN_UNDECLARED_SELECTOR = YES;
				GCC_WARN_UNINITIALIZED_AUTOS = YES_AGGRESSIVE;
				GCC_WARN_UNUSED_FUNCTION = YES;
				GCC_WARN_UNUSED_VARIABLE = YES;
				INFOPLIST_FILE = Sources/Monreau/Supporting/Info.plist;
				INSTALL_PATH = "$(LOCAL_LIBRARY_DIR)/Frameworks";
				LD_RUNPATH_SEARCH_PATHS = "$(inherited) @executable_path/Frameworks @loader_path/Frameworks";
				MTL_ENABLE_DEBUG_INFO = NO;
				PRODUCT_BUNDLE_IDENTIFIER = com.incetro.Monreau;
				PRODUCT_NAME = Monreau;
				PROVISIONING_PROFILE_SPECIFIER = "";
				SDKROOT = appletvos;
				SKIP_INSTALL = YES;
				SWIFT_OPTIMIZATION_LEVEL = "-Owholemodule";
				SWIFT_VERSION = 5.0;
				TARGETED_DEVICE_FAMILY = 3;
				TVOS_DEPLOYMENT_TARGET = 12.4;
				VALIDATE_PRODUCT = YES;
				VERSIONING_SYSTEM = "apple-generic";
				VERSION_INFO_PREFIX = "";
			};
			name = Release;
		};
		3358A89C1F0C03A800D4BD9C /* Debug */ = {
			isa = XCBuildConfiguration;
			baseConfigurationReference = 0131034AB2860169BA85EB6A /* Pods-Monreau macOS.debug.xcconfig */;
			buildSettings = {
				ALWAYS_SEARCH_USER_PATHS = NO;
				CLANG_ANALYZER_NONNULL = YES;
				CLANG_ANALYZER_NUMBER_OBJECT_CONVERSION = YES_AGGRESSIVE;
				CLANG_CXX_LANGUAGE_STANDARD = "gnu++0x";
				CLANG_CXX_LIBRARY = "libc++";
				CLANG_ENABLE_MODULES = YES;
				CLANG_ENABLE_OBJC_ARC = YES;
				CLANG_WARN_BOOL_CONVERSION = YES;
				CLANG_WARN_CONSTANT_CONVERSION = YES;
				CLANG_WARN_DIRECT_OBJC_ISA_USAGE = YES_ERROR;
				CLANG_WARN_DOCUMENTATION_COMMENTS = YES;
				CLANG_WARN_EMPTY_BODY = YES;
				CLANG_WARN_ENUM_CONVERSION = YES;
				CLANG_WARN_INFINITE_RECURSION = YES;
				CLANG_WARN_INT_CONVERSION = YES;
				CLANG_WARN_OBJC_ROOT_CLASS = YES_ERROR;
				CLANG_WARN_SUSPICIOUS_MOVE = YES;
				CLANG_WARN_UNREACHABLE_CODE = YES;
				CLANG_WARN__DUPLICATE_METHOD_MATCH = YES;
				CODE_SIGN_IDENTITY = "-";
				CODE_SIGN_STYLE = Manual;
				COMBINE_HIDPI_IMAGES = YES;
				COPY_PHASE_STRIP = NO;
				CURRENT_PROJECT_VERSION = 1;
				DEBUG_INFORMATION_FORMAT = dwarf;
				DEFINES_MODULE = YES;
				DEVELOPMENT_TEAM = "";
				DYLIB_COMPATIBILITY_VERSION = 1;
				DYLIB_CURRENT_VERSION = 1;
				DYLIB_INSTALL_NAME_BASE = "@rpath";
				ENABLE_STRICT_OBJC_MSGSEND = YES;
				ENABLE_TESTABILITY = YES;
				FRAMEWORK_VERSION = A;
				GCC_C_LANGUAGE_STANDARD = gnu99;
				GCC_DYNAMIC_NO_PIC = NO;
				GCC_NO_COMMON_BLOCKS = YES;
				GCC_OPTIMIZATION_LEVEL = 0;
				GCC_PREPROCESSOR_DEFINITIONS = (
					"DEBUG=1",
					"$(inherited)",
				);
				GCC_WARN_64_TO_32_BIT_CONVERSION = YES;
				GCC_WARN_ABOUT_RETURN_TYPE = YES_ERROR;
				GCC_WARN_UNDECLARED_SELECTOR = YES;
				GCC_WARN_UNINITIALIZED_AUTOS = YES_AGGRESSIVE;
				GCC_WARN_UNUSED_FUNCTION = YES;
				GCC_WARN_UNUSED_VARIABLE = YES;
				INFOPLIST_FILE = Sources/Monreau/Supporting/Info.plist;
				INSTALL_PATH = "$(LOCAL_LIBRARY_DIR)/Frameworks";
				LD_RUNPATH_SEARCH_PATHS = "$(inherited) @executable_path/../Frameworks @loader_path/Frameworks";
				MACOSX_DEPLOYMENT_TARGET = 10.15;
				MTL_ENABLE_DEBUG_INFO = YES;
				ONLY_ACTIVE_ARCH = YES;
				PRODUCT_BUNDLE_IDENTIFIER = com.incetro.Monreau;
				PRODUCT_NAME = Monreau;
				PROVISIONING_PROFILE_SPECIFIER = "";
				SDKROOT = macosx;
				SKIP_INSTALL = YES;
				SWIFT_ACTIVE_COMPILATION_CONDITIONS = DEBUG;
				SWIFT_OPTIMIZATION_LEVEL = "-Onone";
				SWIFT_VERSION = 5.0;
				VERSIONING_SYSTEM = "apple-generic";
				VERSION_INFO_PREFIX = "";
			};
			name = Debug;
		};
		3358A89D1F0C03A800D4BD9C /* Release */ = {
			isa = XCBuildConfiguration;
			baseConfigurationReference = 5405A8C5F44C817A66FA65A6 /* Pods-Monreau macOS.release.xcconfig */;
			buildSettings = {
				ALWAYS_SEARCH_USER_PATHS = NO;
				CLANG_ANALYZER_NONNULL = YES;
				CLANG_ANALYZER_NUMBER_OBJECT_CONVERSION = YES_AGGRESSIVE;
				CLANG_CXX_LANGUAGE_STANDARD = "gnu++0x";
				CLANG_CXX_LIBRARY = "libc++";
				CLANG_ENABLE_MODULES = YES;
				CLANG_ENABLE_OBJC_ARC = YES;
				CLANG_WARN_BOOL_CONVERSION = YES;
				CLANG_WARN_CONSTANT_CONVERSION = YES;
				CLANG_WARN_DIRECT_OBJC_ISA_USAGE = YES_ERROR;
				CLANG_WARN_DOCUMENTATION_COMMENTS = YES;
				CLANG_WARN_EMPTY_BODY = YES;
				CLANG_WARN_ENUM_CONVERSION = YES;
				CLANG_WARN_INFINITE_RECURSION = YES;
				CLANG_WARN_INT_CONVERSION = YES;
				CLANG_WARN_OBJC_ROOT_CLASS = YES_ERROR;
				CLANG_WARN_SUSPICIOUS_MOVE = YES;
				CLANG_WARN_UNREACHABLE_CODE = YES;
				CLANG_WARN__DUPLICATE_METHOD_MATCH = YES;
				CODE_SIGN_IDENTITY = "-";
				CODE_SIGN_STYLE = Manual;
				COMBINE_HIDPI_IMAGES = YES;
				COPY_PHASE_STRIP = NO;
				CURRENT_PROJECT_VERSION = 1;
				DEBUG_INFORMATION_FORMAT = "dwarf-with-dsym";
				DEFINES_MODULE = YES;
				DEVELOPMENT_TEAM = "";
				DYLIB_COMPATIBILITY_VERSION = 1;
				DYLIB_CURRENT_VERSION = 1;
				DYLIB_INSTALL_NAME_BASE = "@rpath";
				ENABLE_NS_ASSERTIONS = NO;
				ENABLE_STRICT_OBJC_MSGSEND = YES;
				FRAMEWORK_VERSION = A;
				GCC_C_LANGUAGE_STANDARD = gnu99;
				GCC_NO_COMMON_BLOCKS = YES;
				GCC_WARN_64_TO_32_BIT_CONVERSION = YES;
				GCC_WARN_ABOUT_RETURN_TYPE = YES_ERROR;
				GCC_WARN_UNDECLARED_SELECTOR = YES;
				GCC_WARN_UNINITIALIZED_AUTOS = YES_AGGRESSIVE;
				GCC_WARN_UNUSED_FUNCTION = YES;
				GCC_WARN_UNUSED_VARIABLE = YES;
				INFOPLIST_FILE = Sources/Monreau/Supporting/Info.plist;
				INSTALL_PATH = "$(LOCAL_LIBRARY_DIR)/Frameworks";
				LD_RUNPATH_SEARCH_PATHS = "$(inherited) @executable_path/../Frameworks @loader_path/Frameworks";
				MACOSX_DEPLOYMENT_TARGET = 10.15;
				MTL_ENABLE_DEBUG_INFO = NO;
				PRODUCT_BUNDLE_IDENTIFIER = com.incetro.Monreau;
				PRODUCT_NAME = Monreau;
				PROVISIONING_PROFILE_SPECIFIER = "";
				SDKROOT = macosx;
				SKIP_INSTALL = YES;
				SWIFT_OPTIMIZATION_LEVEL = "-Owholemodule";
				SWIFT_VERSION = 5.0;
				VERSIONING_SYSTEM = "apple-generic";
				VERSION_INFO_PREFIX = "";
			};
			name = Release;
		};
/* End XCBuildConfiguration section */

/* Begin XCConfigurationList section */
		3331E6BB1F0D0D80007BE883 /* Build configuration list for PBXNativeTarget "Monreau macOS-Tests" */ = {
			isa = XCConfigurationList;
			buildConfigurations = (
				3331E6BC1F0D0D80007BE883 /* Debug */,
				3331E6BD1F0D0D80007BE883 /* Release */,
			);
			defaultConfigurationIsVisible = 0;
			defaultConfigurationName = Release;
		};
		3331E6CA1F0D0D8C007BE883 /* Build configuration list for PBXNativeTarget "Monreau tvOS-Tests" */ = {
			isa = XCConfigurationList;
			buildConfigurations = (
				3331E6CB1F0D0D8C007BE883 /* Debug */,
				3331E6CC1F0D0D8C007BE883 /* Release */,
			);
			defaultConfigurationIsVisible = 0;
			defaultConfigurationName = Release;
		};
		3331E6D91F0D0DA1007BE883 /* Build configuration list for PBXNativeTarget "Monreau iOS-Tests" */ = {
			isa = XCConfigurationList;
			buildConfigurations = (
				3331E6DA1F0D0DA1007BE883 /* Debug */,
				3331E6DB1F0D0DA1007BE883 /* Release */,
			);
			defaultConfigurationIsVisible = 0;
			defaultConfigurationName = Release;
		};
		3358A84C1F0C035800D4BD9C /* Build configuration list for PBXProject "Monreau" */ = {
			isa = XCConfigurationList;
			buildConfigurations = (
				3358A84D1F0C035800D4BD9C /* Debug */,
				3358A84E1F0C035800D4BD9C /* Release */,
			);
			defaultConfigurationIsVisible = 0;
			defaultConfigurationName = Release;
		};
		3358A8671F0C037100D4BD9C /* Build configuration list for PBXNativeTarget "Monreau iOS" */ = {
			isa = XCConfigurationList;
			buildConfigurations = (
				3358A8681F0C037100D4BD9C /* Debug */,
				3358A8691F0C037100D4BD9C /* Release */,
			);
			defaultConfigurationIsVisible = 0;
			defaultConfigurationName = Release;
		};
		3358A8741F0C038400D4BD9C /* Build configuration list for PBXNativeTarget "Monreau watchOS" */ = {
			isa = XCConfigurationList;
			buildConfigurations = (
				3358A8751F0C038400D4BD9C /* Debug */,
				3358A8761F0C038400D4BD9C /* Release */,
			);
			defaultConfigurationIsVisible = 0;
			defaultConfigurationName = Release;
		};
		3358A88E1F0C039D00D4BD9C /* Build configuration list for PBXNativeTarget "Monreau tvOS" */ = {
			isa = XCConfigurationList;
			buildConfigurations = (
				3358A88F1F0C039D00D4BD9C /* Debug */,
				3358A8901F0C039D00D4BD9C /* Release */,
			);
			defaultConfigurationIsVisible = 0;
			defaultConfigurationName = Release;
		};
		3358A89B1F0C03A800D4BD9C /* Build configuration list for PBXNativeTarget "Monreau macOS" */ = {
			isa = XCConfigurationList;
			buildConfigurations = (
				3358A89C1F0C03A800D4BD9C /* Debug */,
				3358A89D1F0C03A800D4BD9C /* Release */,
			);
			defaultConfigurationIsVisible = 0;
			defaultConfigurationName = Release;
		};
/* End XCConfigurationList section */

/* Begin XCVersionGroup section */
		3331E6E71F0D1015007BE883 /* Monreau.xcdatamodeld */ = {
			isa = XCVersionGroup;
			children = (
				3331E6E81F0D1015007BE883 /* Monreau.xcdatamodel */,
			);
			currentVersion = 3331E6E81F0D1015007BE883 /* Monreau.xcdatamodel */;
			path = Monreau.xcdatamodeld;
			sourceTree = "<group>";
			versionGroupType = wrapper.xcdatamodel;
		};
/* End XCVersionGroup section */
	};
	rootObject = 3358A8491F0C035800D4BD9C /* Project object */;
}
