PODS:
  - Realm (10.31.0):
    - Realm/Headers (= 10.31.0)
  - Realm/Headers (10.31.0)
  - RealmSwift (10.31.0):
    - Realm (= 10.31.0)

DEPENDENCIES:
  - Realm
  - RealmSwift (~> 10.31.0)

SPEC REPOS:
  trunk:
    - Realm
    - RealmSwift

SPEC CHECKSUMS:
  Realm: 10df7d86e1ca09d9948fdce2faa3fc623fb092c6
  RealmSwift: aecc52389574be4d451bf6cb1b08824eaa17dad0

PODFILE CHECKSUM: e0bd02715b663ec8a5b982e4680ee3996176a509

COCOAPODS: 1.10.2
